{"format_version":"1.2","terraform_version":"1.14.2","variables":{"project_id":{"value":"success-team-dev"},"region":{"value":"us-central1"}},"planned_values":{"outputs":{"cluster_endpoint":{"sensitive":false},"cluster_name":{"sensitive":false,"type":"string","value":"pricing-test-cluster"},"node_pools":{"sensitive":false,"type":["object",{"c3d_standard_90":"string","n1_highmem_16":"string","n1_standard_4":"string","n1_standard_8":"string","n2d_highcpu_16":"string","n2d_highcpu_16_spot":"string","n4_highmem_8":"string","n4_highmem_8_spot":"string","n4d_highcpu_48":"string","n4d_highcpu_48_spot":"string"}],"value":{"c3d_standard_90":"c3d-standard-90-pool","n1_highmem_16":"n1-highmem-16-pool","n1_standard_4":"n1-standard-4-pool","n1_standard_8":"n1-standard-8-pool","n2d_highcpu_16":"n2d-highcpu-16-pool","n2d_highcpu_16_spot":"n2d-highcpu-16-spot-pool","n4_highmem_8":"n4-highmem-8-pool","n4_highmem_8_spot":"n4-highmem-8-spot-pool","n4d_highcpu_48":"n4d-highcpu-48-pool","n4d_highcpu_48_spot":"n4d-highcpu-48-spot-pool"}}},"root_module":{"resources":[{"address":"google_container_cluster.pricing_test","mode":"managed","type":"google_container_cluster","name":"pricing_test","provider_name":"registry.terraform.io/hashicorp/google","schema_version":2,"values":{"allow_net_admin":null,"binary_authorization":[],"deletion_protection":false,"description":null,"dns_config":[],"enable_autopilot":null,"enable_cilium_clusterwide_network_policy":false,"enable_k8s_beta_apis":[],"enable_kubernetes_alpha":false,"enable_l4_ilb_subsetting":false,"enable_legacy_abac":false,"enable_multi_networking":false,"enable_shielded_nodes":true,"enable_tpu":null,"fleet":[],"initial_node_count":1,"location":"us-central1","maintenance_policy":[],"min_master_version":null,"name":"pricing-test-cluster","network":"default","network_policy":[],"private_cluster_config":[],"remove_default_node_pool":true,"resource_labels":null,"resource_usage_export_config":[],"subnetwork":"default","timeouts":null},"sensitive_values":{"addons_config":[],"authenticator_groups_config":[],"binary_authorization":[],"cluster_autoscaling":[],"confidential_nodes":[],"cost_management_config":[],"database_encryption":[],"default_snat_status":[],"dns_config":[],"enable_k8s_beta_apis":[],"fleet":[],"gateway_api_config":[],"identity_service_config":[],"ip_allocation_policy":[],"logging_config":[],"maintenance_policy":[],"master_auth":[],"master_authorized_networks_config":[],"mesh_certificates":[],"monitoring_config":[],"network_policy":[],"node_config":[],"node_locations":[],"node_pool":[],"node_pool_auto_config":[],"node_pool_defaults":[],"notification_config":[],"private_cluster_config":[],"release_channel":[],"resource_usage_export_config":[],"security_posture_config":[],"service_external_ips_config":[],"vertical_pod_autoscaling":[],"workload_identity_config":[]}},{"address":"google_container_node_pool.c2d_highcpu_8","mode":"managed","type":"google_container_node_pool","name":"c2d_highcpu_8","provider_name":"registry.terraform.io/hashicorp/google","schema_version":1,"values":{"autoscaling":[],"cluster":"pricing-test-cluster","location":"us-central1","name":"c2d-highcpu-8-pool","node_config":[{"advanced_machine_features":[],"boot_disk_kms_key":null,"containerd_config":[],"disk_size_gb":100,"disk_type":"pd-standard","enable_confidential_storage":null,"ephemeral_storage_local_ssd_config":[],"fast_socket":[],"gvnic":[],"host_maintenance_policy":[],"labels":{"pool_type":"optimal"},"linux_node_config":[],"local_nvme_ssd_block_config":[],"machine_type":"c2d-highcpu-8","node_group":null,"oauth_scopes":["https://www.googleapis.com/auth/cloud-platform"],"preemptible":false,"reservation_affinity":[],"resource_labels":null,"resource_manager_tags":null,"secondary_boot_disks":[],"sole_tenant_config":[],"spot":false,"tags":null,"taint":[]}],"node_count":1,"placement_policy":[],"project":"success-team-dev","queued_provisioning":[],"timeouts":null},"sensitive_values":{"autoscaling":[],"instance_group_urls":[],"managed_instance_group_urls":[],"management":[],"network_config":[],"node_config":[{"advanced_machine_features":[],"confidential_nodes":[],"containerd_config":[],"effective_taints":[],"ephemeral_storage_local_ssd_config":[],"fast_socket":[],"gcfs_config":[],"guest_accelerator":[],"gvnic":[],"host_maintenance_policy":[],"kubelet_config":[],"labels":{},"linux_node_config":[],"local_nvme_ssd_block_config":[],"metadata":{},"oauth_scopes":[false],"reservation_affinity":[],"secondary_boot_disks":[],"shielded_instance_config":[],"sole_tenant_config":[],"taint":[],"workload_metadata_config":[]}],"node_locations":[],"placement_policy":[],"queued_provisioning":[],"upgrade_settings":[]}},{"address":"google_container_node_pool.c2d_standard_4","mode":"managed","type":"google_container_node_pool","name":"c2d_standard_4","provider_name":"registry.terraform.io/hashicorp/google","schema_version":1,"values":{"autoscaling":[],"cluster":"pricing-test-cluster","location":"us-central1","name":"c2d-standard-4-pool","node_config":[{"advanced_machine_features":[],"boot_disk_kms_key":null,"containerd_config":[],"disk_size_gb":100,"disk_type":"pd-standard","enable_confidential_storage":null,"ephemeral_storage_local_ssd_config":[],"fast_socket":[],"gvnic":[],"host_maintenance_policy":[],"labels":{"pool_type":"optimal"},"linux_node_config":[],"local_nvme_ssd_block_config":[],"machine_type":"c2d-standard-4","node_group":null,"oauth_scopes":["https://www.googleapis.com/auth/cloud-platform"],"preemptible":false,"reservation_affinity":[],"resource_labels":null,"resource_manager_tags":null,"secondary_boot_disks":[],"sole_tenant_config":[],"spot":false,"tags":null,"taint":[]}],"node_count":1,"placement_policy":[],"project":"success-team-dev","queued_provisioning":[],"timeouts":null},"sensitive_values":{"autoscaling":[],"instance_group_urls":[],"managed_instance_group_urls":[],"management":[],"network_config":[],"node_config":[{"advanced_machine_features":[],"confidential_nodes":[],"containerd_config":[],"effective_taints":[],"ephemeral_storage_local_ssd_config":[],"fast_socket":[],"gcfs_config":[],"guest_accelerator":[],"gvnic":[],"host_maintenance_policy":[],"kubelet_config":[],"labels":{},"linux_node_config":[],"local_nvme_ssd_block_config":[],"metadata":{},"oauth_scopes":[false],"reservation_affinity":[],"secondary_boot_disks":[],"shielded_instance_config":[],"sole_tenant_config":[],"taint":[],"workload_metadata_config":[]}],"node_locations":[],"placement_policy":[],"queued_provisioning":[],"upgrade_settings":[]}},{"address":"google_container_node_pool.c3_standard_4","mode":"managed","type":"google_container_node_pool","name":"c3_standard_4","provider_name":"registry.terraform.io/hashicorp/google","schema_version":1,"values":{"autoscaling":[],"cluster":"pricing-test-cluster","location":"us-central1","name":"c3-standard-4-pool","node_config":[{"advanced_machine_features":[],"boot_disk_kms_key":null,"containerd_config":[],"disk_size_gb":100,"disk_type":"pd-standard","enable_confidential_storage":null,"ephemeral_storage_local_ssd_config":[],"fast_socket":[],"gvnic":[],"host_maintenance_policy":[],"labels":{"pool_type":"optimal"},"linux_node_config":[],"local_nvme_ssd_block_config":[],"machine_type":"c3-standard-4","node_group":null,"oauth_scopes":["https://www.googleapis.com/auth/cloud-platform"],"preemptible":false,"reservation_affinity":[],"resource_labels":null,"resource_manager_tags":null,"secondary_boot_disks":[],"sole_tenant_config":[],"spot":false,"tags":null,"taint":[]}],"node_count":1,"placement_policy":[],"project":"success-team-dev","queued_provisioning":[],"timeouts":null},"sensitive_values":{"autoscaling":[],"instance_group_urls":[],"managed_instance_group_urls":[],"management":[],"network_config":[],"node_config":[{"advanced_machine_features":[],"confidential_nodes":[],"containerd_config":[],"effective_taints":[],"ephemeral_storage_local_ssd_config":[],"fast_socket":[],"gcfs_config":[],"guest_accelerator":[],"gvnic":[],"host_maintenance_policy":[],"kubelet_config":[],"labels":{},"linux_node_config":[],"local_nvme_ssd_block_config":[],"metadata":{},"oauth_scopes":[false],"reservation_affinity":[],"secondary_boot_disks":[],"shielded_instance_config":[],"sole_tenant_config":[],"taint":[],"workload_metadata_config":[]}],"node_locations":[],"placement_policy":[],"queued_provisioning":[],"upgrade_settings":[]}},{"address":"google_container_node_pool.c3d_standard_90","mode":"managed","type":"google_container_node_pool","name":"c3d_standard_90","provider_name":"registry.terraform.io/hashicorp/google","schema_version":1,"values":{"autoscaling":[],"cluster":"pricing-test-cluster","location":"us-central1","name":"c3d-standard-90-pool","node_config":[{"advanced_machine_features":[],"boot_disk_kms_key":null,"containerd_config":[],"disk_size_gb":100,"disk_type":"pd-standard","enable_confidential_storage":null,"ephemeral_storage_local_ssd_config":[],"fast_socket":[],"gvnic":[],"host_maintenance_policy":[],"labels":{"pool_type":"optimal"},"linux_node_config":[],"local_nvme_ssd_block_config":[],"machine_type":"c3d-standard-90","node_group":null,"oauth_scopes":["https://www.googleapis.com/auth/cloud-platform"],"preemptible":false,"reservation_affinity":[],"resource_labels":null,"resource_manager_tags":null,"secondary_boot_disks":[],"sole_tenant_config":[],"spot":false,"tags":null,"taint":[]}],"node_count":1,"placement_policy":[],"project":"success-team-dev","queued_provisioning":[],"timeouts":null},"sensitive_values":{"autoscaling":[],"instance_group_urls":[],"managed_instance_group_urls":[],"management":[],"network_config":[],"node_config":[{"advanced_machine_features":[],"confidential_nodes":[],"containerd_config":[],"effective_taints":[],"ephemeral_storage_local_ssd_config":[],"fast_socket":[],"gcfs_config":[],"guest_accelerator":[],"gvnic":[],"host_maintenance_policy":[],"kubelet_config":[],"labels":{},"linux_node_config":[],"local_nvme_ssd_block_config":[],"metadata":{},"oauth_scopes":[false],"reservation_affinity":[],"secondary_boot_disks":[],"shielded_instance_config":[],"sole_tenant_config":[],"taint":[],"workload_metadata_config":[]}],"node_locations":[],"placement_policy":[],"queued_provisioning":[],"upgrade_settings":[]}},{"address":"google_container_node_pool.e2_standard_8","mode":"managed","type":"google_container_node_pool","name":"e2_standard_8","provider_name":"registry.terraform.io/hashicorp/google","schema_version":1,"values":{"autoscaling":[],"cluster":"pricing-test-cluster","location":"us-central1","name":"e2-standard-8-pool","node_config":[{"advanced_machine_features":[],"boot_disk_kms_key":null,"containerd_config":[],"disk_size_gb":100,"disk_type":"pd-standard","enable_confidential_storage":null,"ephemeral_storage_local_ssd_config":[],"fast_socket":[],"gvnic":[],"host_maintenance_policy":[],"labels":{"pool_type":"optimal"},"linux_node_config":[],"local_nvme_ssd_block_config":[],"machine_type":"e2-standard-8","node_group":null,"oauth_scopes":["https://www.googleapis.com/auth/cloud-platform"],"preemptible":false,"reservation_affinity":[],"resource_labels":null,"resource_manager_tags":null,"secondary_boot_disks":[],"sole_tenant_config":[],"spot":false,"tags":null,"taint":[]}],"node_count":1,"placement_policy":[],"project":"success-team-dev","queued_provisioning":[],"timeouts":null},"sensitive_values":{"autoscaling":[],"instance_group_urls":[],"managed_instance_group_urls":[],"management":[],"network_config":[],"node_config":[{"advanced_machine_features":[],"confidential_nodes":[],"containerd_config":[],"effective_taints":[],"ephemeral_storage_local_ssd_config":[],"fast_socket":[],"gcfs_config":[],"guest_accelerator":[],"gvnic":[],"host_maintenance_policy":[],"kubelet_config":[],"labels":{},"linux_node_config":[],"local_nvme_ssd_block_config":[],"metadata":{},"oauth_scopes":[false],"reservation_affinity":[],"secondary_boot_disks":[],"shielded_instance_config":[],"sole_tenant_config":[],"taint":[],"workload_metadata_config":[]}],"node_locations":[],"placement_policy":[],"queued_provisioning":[],"upgrade_settings":[]}},{"address":"google_container_node_pool.n1_highcpu_16","mode":"managed","type":"google_container_node_pool","name":"n1_highcpu_16","provider_name":"registry.terraform.io/hashicorp/google","schema_version":1,"values":{"autoscaling":[],"cluster":"pricing-test-cluster","location":"us-central1","name":"n1-highcpu-16-pool","node_config":[{"advanced_machine_features":[],"boot_disk_kms_key":null,"containerd_config":[],"disk_size_gb":100,"disk_type":"pd-standard","enable_confidential_storage":null,"ephemeral_storage_local_ssd_config":[],"fast_socket":[],"gvnic":[],"host_maintenance_policy":[],"labels":{"pool_type":"with-commitments-with-limits"},"linux_node_config":[],"local_nvme_ssd_block_config":[],"machine_type":"n1-highcpu-16","node_group":null,"oauth_scopes":["https://www.googleapis.com/auth/cloud-platform"],"preemptible":false,"reservation_affinity":[],"resource_labels":null,"resource_manager_tags":null,"secondary_boot_disks":[],"sole_tenant_config":[],"spot":false,"tags":null,"taint":[]}],"node_count":1,"placement_policy":[],"project":"success-team-dev","queued_provisioning":[],"timeouts":null},"sensitive_values":{"autoscaling":[],"instance_group_urls":[],"managed_instance_group_urls":[],"management":[],"network_config":[],"node_config":[{"advanced_machine_features":[],"confidential_nodes":[],"containerd_config":[],"effective_taints":[],"ephemeral_storage_local_ssd_config":[],"fast_socket":[],"gcfs_config":[],"guest_accelerator":[],"gvnic":[],"host_maintenance_policy":[],"kubelet_config":[],"labels":{},"linux_node_config":[],"local_nvme_ssd_block_config":[],"metadata":{},"oauth_scopes":[false],"reservation_affinity":[],"secondary_boot_disks":[],"shielded_instance_config":[],"sole_tenant_config":[],"taint":[],"workload_metadata_config":[]}],"node_locations":[],"placement_policy":[],"queued_provisioning":[],"upgrade_settings":[]}},{"address":"google_container_node_pool.n1_highcpu_4","mode":"managed","type":"google_container_node_pool","name":"n1_highcpu_4","provider_name":"registry.terraform.io/hashicorp/google","schema_version":1,"values":{"autoscaling":[],"cluster":"pricing-test-cluster","location":"us-central1","name":"n1-highcpu-4-pool","node_config":[{"advanced_machine_features":[],"boot_disk_kms_key":null,"containerd_config":[],"disk_size_gb":100,"disk_type":"pd-standard","enable_confidential_storage":null,"ephemeral_storage_local_ssd_config":[],"fast_socket":[],"gvnic":[],"host_maintenance_policy":[],"labels":{"pool_type":"with-commitments-with-limits"},"linux_node_config":[],"local_nvme_ssd_block_config":[],"machine_type":"n1-highcpu-4","node_group":null,"oauth_scopes":["https://www.googleapis.com/auth/cloud-platform"],"preemptible":false,"reservation_affinity":[],"resource_labels":null,"resource_manager_tags":null,"secondary_boot_disks":[],"sole_tenant_config":[],"spot":false,"tags":null,"taint":[]}],"node_count":1,"placement_policy":[],"project":"success-team-dev","queued_provisioning":[],"timeouts":null},"sensitive_values":{"autoscaling":[],"instance_group_urls":[],"managed_instance_group_urls":[],"management":[],"network_config":[],"node_config":[{"advanced_machine_features":[],"confidential_nodes":[],"containerd_config":[],"effective_taints":[],"ephemeral_storage_local_ssd_config":[],"fast_socket":[],"gcfs_config":[],"guest_accelerator":[],"gvnic":[],"host_maintenance_policy":[],"kubelet_config":[],"labels":{},"linux_node_config":[],"local_nvme_ssd_block_config":[],"metadata":{},"oauth_scopes":[false],"reservation_affinity":[],"secondary_boot_disks":[],"shielded_instance_config":[],"sole_tenant_config":[],"taint":[],"workload_metadata_config":[]}],"node_locations":[],"placement_policy":[],"queued_provisioning":[],"upgrade_settings":[]}},{"address":"google_container_node_pool.n1_highmem_16","mode":"managed","type":"google_container_node_pool","name":"n1_highmem_16","provider_name":"registry.terraform.io/hashicorp/google","schema_version":1,"values":{"autoscaling":[],"cluster":"pricing-test-cluster","location":"us-central1","name":"n1-highmem-16-pool","node_config":[{"advanced_machine_features":[],"boot_disk_kms_key":null,"containerd_config":[],"disk_size_gb":100,"disk_type":"pd-standard","enable_confidential_storage":null,"ephemeral_storage_local_ssd_config":[],"fast_socket":[],"gvnic":[],"host_maintenance_policy":[],"labels":{"pool_type":"with-commitments-with-limits"},"linux_node_config":[],"local_nvme_ssd_block_config":[],"machine_type":"n1-highmem-16","node_group":null,"oauth_scopes":["https://www.googleapis.com/auth/cloud-platform"],"preemptible":false,"reservation_affinity":[],"resource_labels":null,"resource_manager_tags":null,"secondary_boot_disks":[],"sole_tenant_config":[],"spot":false,"tags":null,"taint":[]}],"node_count":1,"placement_policy":[],"project":"success-team-dev","queued_provisioning":[],"timeouts":null},"sensitive_values":{"autoscaling":[],"instance_group_urls":[],"managed_instance_group_urls":[],"management":[],"network_config":[],"node_config":[{"advanced_machine_features":[],"confidential_nodes":[],"containerd_config":[],"effective_taints":[],"ephemeral_storage_local_ssd_config":[],"fast_socket":[],"gcfs_config":[],"guest_accelerator":[],"gvnic":[],"host_maintenance_policy":[],"kubelet_config":[],"labels":{},"linux_node_config":[],"local_nvme_ssd_block_config":[],"metadata":{},"oauth_scopes":[false],"reservation_affinity":[],"secondary_boot_disks":[],"shielded_instance_config":[],"sole_tenant_config":[],"taint":[],"workload_metadata_config":[]}],"node_locations":[],"placement_policy":[],"queued_provisioning":[],"upgrade_settings":[]}},{"address":"google_container_node_pool.n1_standard_4","mode":"managed","type":"google_container_node_pool","name":"n1_standard_4","provider_name":"registry.terraform.io/hashicorp/google","schema_version":1,"values":{"autoscaling":[],"cluster":"pricing-test-cluster","location":"us-central1","name":"n1-standard-4-pool","node_config":[{"advanced_machine_features":[],"boot_disk_kms_key":null,"containerd_config":[],"disk_size_gb":100,"disk_type":"pd-standard","enable_confidential_storage":null,"ephemeral_storage_local_ssd_config":[],"fast_socket":[],"gvnic":[],"host_maintenance_policy":[],"labels":{"pool_type":"with-commitments-with-limits"},"linux_node_config":[],"local_nvme_ssd_block_config":[],"machine_type":"n1-standard-4","node_group":null,"oauth_scopes":["https://www.googleapis.com/auth/cloud-platform"],"preemptible":false,"reservation_affinity":[],"resource_labels":null,"resource_manager_tags":null,"secondary_boot_disks":[],"sole_tenant_config":[],"spot":false,"tags":null,"taint":[]}],"node_count":1,"placement_policy":[],"project":"success-team-dev","queued_provisioning":[],"timeouts":null},"sensitive_values":{"autoscaling":[],"instance_group_urls":[],"managed_instance_group_urls":[],"management":[],"network_config":[],"node_config":[{"advanced_machine_features":[],"confidential_nodes":[],"containerd_config":[],"effective_taints":[],"ephemeral_storage_local_ssd_config":[],"fast_socket":[],"gcfs_config":[],"guest_accelerator":[],"gvnic":[],"host_maintenance_policy":[],"kubelet_config":[],"labels":{},"linux_node_config":[],"local_nvme_ssd_block_config":[],"metadata":{},"oauth_scopes":[false],"reservation_affinity":[],"secondary_boot_disks":[],"shielded_instance_config":[],"sole_tenant_config":[],"taint":[],"workload_metadata_config":[]}],"node_locations":[],"placement_policy":[],"queued_provisioning":[],"upgrade_settings":[]}},{"address":"google_container_node_pool.n1_standard_8","mode":"managed","type":"google_container_node_pool","name":"n1_standard_8","provider_name":"registry.terraform.io/hashicorp/google","schema_version":1,"values":{"autoscaling":[],"cluster":"pricing-test-cluster","location":"us-central1","name":"n1-standard-8-pool","node_config":[{"advanced_machine_features":[],"boot_disk_kms_key":null,"containerd_config":[],"disk_size_gb":100,"disk_type":"pd-standard","enable_confidential_storage":null,"ephemeral_storage_local_ssd_config":[],"fast_socket":[],"gvnic":[],"host_maintenance_policy":[],"labels":{"pool_type":"with-commitments-with-limits"},"linux_node_config":[],"local_nvme_ssd_block_config":[],"machine_type":"n1-standard-8","node_group":null,"oauth_scopes":["https://www.googleapis.com/auth/cloud-platform"],"preemptible":false,"reservation_affinity":[],"resource_labels":null,"resource_manager_tags":null,"secondary_boot_disks":[],"sole_tenant_config":[],"spot":false,"tags":null,"taint":[]}],"node_count":1,"placement_policy":[],"project":"success-team-dev","queued_provisioning":[],"timeouts":null},"sensitive_values":{"autoscaling":[],"instance_group_urls":[],"managed_instance_group_urls":[],"management":[],"network_config":[],"node_config":[{"advanced_machine_features":[],"confidential_nodes":[],"containerd_config":[],"effective_taints":[],"ephemeral_storage_local_ssd_config":[],"fast_socket":[],"gcfs_config":[],"guest_accelerator":[],"gvnic":[],"host_maintenance_policy":[],"kubelet_config":[],"labels":{},"linux_node_config":[],"local_nvme_ssd_block_config":[],"metadata":{},"oauth_scopes":[false],"reservation_affinity":[],"secondary_boot_disks":[],"shielded_instance_config":[],"sole_tenant_config":[],"taint":[],"workload_metadata_config":[]}],"node_locations":[],"placement_policy":[],"queued_provisioning":[],"upgrade_settings":[]}},{"address":"google_container_node_pool.n2d_highcpu_16","mode":"managed","type":"google_container_node_pool","name":"n2d_highcpu_16","provider_name":"registry.terraform.io/hashicorp/google","schema_version":1,"values":{"autoscaling":[],"cluster":"pricing-test-cluster","location":"us-central1","name":"n2d-highcpu-16-pool","node_config":[{"advanced_machine_features":[],"boot_disk_kms_key":null,"containerd_config":[],"disk_size_gb":100,"disk_type":"pd-standard","enable_confidential_storage":null,"ephemeral_storage_local_ssd_config":[],"fast_socket":[],"gvnic":[],"host_maintenance_policy":[],"labels":{"pool_type":"optimal"},"linux_node_config":[],"local_nvme_ssd_block_config":[],"machine_type":"n2d-highcpu-16","node_group":null,"oauth_scopes":["https://www.googleapis.com/auth/cloud-platform"],"preemptible":false,"reservation_affinity":[],"resource_labels":null,"resource_manager_tags":null,"secondary_boot_disks":[],"sole_tenant_config":[],"spot":false,"tags":null,"taint":[]}],"node_count":1,"placement_policy":[],"project":"success-team-dev","queued_provisioning":[],"timeouts":null},"sensitive_values":{"autoscaling":[],"instance_group_urls":[],"managed_instance_group_urls":[],"management":[],"network_config":[],"node_config":[{"advanced_machine_features":[],"confidential_nodes":[],"containerd_config":[],"effective_taints":[],"ephemeral_storage_local_ssd_config":[],"fast_socket":[],"gcfs_config":[],"guest_accelerator":[],"gvnic":[],"host_maintenance_policy":[],"kubelet_config":[],"labels":{},"linux_node_config":[],"local_nvme_ssd_block_config":[],"metadata":{},"oauth_scopes":[false],"reservation_affinity":[],"secondary_boot_disks":[],"shielded_instance_config":[],"sole_tenant_config":[],"taint":[],"workload_metadata_config":[]}],"node_locations":[],"placement_policy":[],"queued_provisioning":[],"upgrade_settings":[]}},{"address":"google_container_node_pool.n2d_highcpu_16_spot","mode":"managed","type":"google_container_node_pool","name":"n2d_highcpu_16_spot","provider_name":"registry.terraform.io/hashicorp/google","schema_version":1,"values":{"autoscaling":[],"cluster":"pricing-test-cluster","location":"us-central1","name":"n2d-highcpu-16-spot-pool","node_config":[{"advanced_machine_features":[],"boot_disk_kms_key":null,"containerd_config":[],"disk_size_gb":100,"disk_type":"pd-standard","enable_confidential_storage":null,"ephemeral_storage_local_ssd_config":[],"fast_socket":[],"gvnic":[],"host_maintenance_policy":[],"labels":{"pool_type":"optimal-spot"},"linux_node_config":[],"local_nvme_ssd_block_config":[],"machine_type":"n2d-highcpu-16","node_group":null,"oauth_scopes":["https://www.googleapis.com/auth/cloud-platform"],"preemptible":false,"reservation_affinity":[],"resource_labels":null,"resource_manager_tags":null,"secondary_boot_disks":[],"sole_tenant_config":[],"spot":true,"tags":null,"taint":[]}],"node_count":1,"placement_policy":[],"project":"success-team-dev","queued_provisioning":[],"timeouts":null},"sensitive_values":{"autoscaling":[],"instance_group_urls":[],"managed_instance_group_urls":[],"management":[],"network_config":[],"node_config":[{"advanced_machine_features":[],"confidential_nodes":[],"containerd_config":[],"effective_taints":[],"ephemeral_storage_local_ssd_config":[],"fast_socket":[],"gcfs_config":[],"guest_accelerator":[],"gvnic":[],"host_maintenance_policy":[],"kubelet_config":[],"labels":{},"linux_node_config":[],"local_nvme_ssd_block_config":[],"metadata":{},"oauth_scopes":[false],"reservation_affinity":[],"secondary_boot_disks":[],"shielded_instance_config":[],"sole_tenant_config":[],"taint":[],"workload_metadata_config":[]}],"node_locations":[],"placement_policy":[],"queued_provisioning":[],"upgrade_settings":[]}},{"address":"google_container_node_pool.n4_highmem_8","mode":"managed","type":"google_container_node_pool","name":"n4_highmem_8","provider_name":"registry.terraform.io/hashicorp/google","schema_version":1,"values":{"autoscaling":[],"cluster":"pricing-test-cluster","location":"us-central1","name":"n4-highmem-8-pool","node_config":[{"advanced_machine_features":[],"boot_disk_kms_key":null,"containerd_config":[],"disk_size_gb":100,"disk_type":"pd-standard","enable_confidential_storage":null,"ephemeral_storage_local_ssd_config":[],"fast_socket":[],"gvnic":[],"host_maintenance_policy":[],"labels":{"pool_type":"optimal"},"linux_node_config":[],"local_nvme_ssd_block_config":[],"machine_type":"n4-highmem-8","node_group":null,"oauth_scopes":["https://www.googleapis.com/auth/cloud-platform"],"preemptible":false,"reservation_affinity":[],"resource_labels":null,"resource_manager_tags":null,"secondary_boot_disks":[],"sole_tenant_config":[],"spot":false,"tags":null,"taint":[]}],"node_count":1,"placement_policy":[],"project":"success-team-dev","queued_provisioning":[],"timeouts":null},"sensitive_values":{"autoscaling":[],"instance_group_urls":[],"managed_instance_group_urls":[],"management":[],"network_config":[],"node_config":[{"advanced_machine_features":[],"confidential_nodes":[],"containerd_config":[],"effective_taints":[],"ephemeral_storage_local_ssd_config":[],"fast_socket":[],"gcfs_config":[],"guest_accelerator":[],"gvnic":[],"host_maintenance_policy":[],"kubelet_config":[],"labels":{},"linux_node_config":[],"local_nvme_ssd_block_config":[],"metadata":{},"oauth_scopes":[false],"reservation_affinity":[],"secondary_boot_disks":[],"shielded_instance_config":[],"sole_tenant_config":[],"taint":[],"workload_metadata_config":[]}],"node_locations":[],"placement_policy":[],"queued_provisioning":[],"upgrade_settings":[]}},{"address":"google_container_node_pool.n4_highmem_8_spot","mode":"managed","type":"google_container_node_pool","name":"n4_highmem_8_spot","provider_name":"registry.terraform.io/hashicorp/google","schema_version":1,"values":{"autoscaling":[],"cluster":"pricing-test-cluster","location":"us-central1","name":"n4-highmem-8-spot-pool","node_config":[{"advanced_machine_features":[],"boot_disk_kms_key":null,"containerd_config":[],"disk_size_gb":100,"disk_type":"pd-standard","enable_confidential_storage":null,"ephemeral_storage_local_ssd_config":[],"fast_socket":[],"gvnic":[],"host_maintenance_policy":[],"labels":{"pool_type":"optimal-spot"},"linux_node_config":[],"local_nvme_ssd_block_config":[],"machine_type":"n4-highmem-8","node_group":null,"oauth_scopes":["https://www.googleapis.com/auth/cloud-platform"],"preemptible":false,"reservation_affinity":[],"resource_labels":null,"resource_manager_tags":null,"secondary_boot_disks":[],"sole_tenant_config":[],"spot":true,"tags":null,"taint":[]}],"node_count":1,"placement_policy":[],"project":"success-team-dev","queued_provisioning":[],"timeouts":null},"sensitive_values":{"autoscaling":[],"instance_group_urls":[],"managed_instance_group_urls":[],"management":[],"network_config":[],"node_config":[{"advanced_machine_features":[],"confidential_nodes":[],"containerd_config":[],"effective_taints":[],"ephemeral_storage_local_ssd_config":[],"fast_socket":[],"gcfs_config":[],"guest_accelerator":[],"gvnic":[],"host_maintenance_policy":[],"kubelet_config":[],"labels":{},"linux_node_config":[],"local_nvme_ssd_block_config":[],"metadata":{},"oauth_scopes":[false],"reservation_affinity":[],"secondary_boot_disks":[],"shielded_instance_config":[],"sole_tenant_config":[],"taint":[],"workload_metadata_config":[]}],"node_locations":[],"placement_policy":[],"queued_provisioning":[],"upgrade_settings":[]}},{"address":"google_container_node_pool.n4d_highcpu_48","mode":"managed","type":"google_container_node_pool","name":"n4d_highcpu_48","provider_name":"registry.terraform.io/hashicorp/google","schema_version":1,"values":{"autoscaling":[],"cluster":"pricing-test-cluster","location":"us-central1","name":"n4d-highcpu-48-pool","node_config":[{"advanced_machine_features":[],"boot_disk_kms_key":null,"containerd_config":[],"disk_size_gb":100,"disk_type":"pd-standard","enable_confidential_storage":null,"ephemeral_storage_local_ssd_config":[],"fast_socket":[],"gvnic":[],"host_maintenance_policy":[],"labels":{"pool_type":"optimal"},"linux_node_config":[],"local_nvme_ssd_block_config":[],"machine_type":"n4d-highcpu-48","node_group":null,"oauth_scopes":["https://www.googleapis.com/auth/cloud-platform"],"preemptible":false,"reservation_affinity":[],"resource_labels":null,"resource_manager_tags":null,"secondary_boot_disks":[],"sole_tenant_config":[],"spot":false,"tags":null,"taint":[]}],"node_count":1,"placement_policy":[],"project":"success-team-dev","queued_provisioning":[],"timeouts":null},"sensitive_values":{"autoscaling":[],"instance_group_urls":[],"managed_instance_group_urls":[],"management":[],"network_config":[],"node_config":[{"advanced_machine_features":[],"confidential_nodes":[],"containerd_config":[],"effective_taints":[],"ephemeral_storage_local_ssd_config":[],"fast_socket":[],"gcfs_config":[],"guest_accelerator":[],"gvnic":[],"host_maintenance_policy":[],"kubelet_config":[],"labels":{},"linux_node_config":[],"local_nvme_ssd_block_config":[],"metadata":{},"oauth_scopes":[false],"reservation_affinity":[],"secondary_boot_disks":[],"shielded_instance_config":[],"sole_tenant_config":[],"taint":[],"workload_metadata_config":[]}],"node_locations":[],"placement_policy":[],"queued_provisioning":[],"upgrade_settings":[]}},{"address":"google_container_node_pool.n4d_highcpu_48_spot","mode":"managed","type":"google_container_node_pool","name":"n4d_highcpu_48_spot","provider_name":"registry.terraform.io/hashicorp/google","schema_version":1,"values":{"autoscaling":[],"cluster":"pricing-test-cluster","location":"us-central1","name":"n4d-highcpu-48-spot-pool","node_config":[{"advanced_machine_features":[],"boot_disk_kms_key":null,"containerd_config":[],"disk_size_gb":100,"disk_type":"pd-standard","enable_confidential_storage":null,"ephemeral_storage_local_ssd_config":[],"fast_socket":[],"gvnic":[],"host_maintenance_policy":[],"labels":{"pool_type":"optimal-spot"},"linux_node_config":[],"local_nvme_ssd_block_config":[],"machine_type":"n4d-highcpu-48","node_group":null,"oauth_scopes":["https://www.googleapis.com/auth/cloud-platform"],"preemptible":false,"reservation_affinity":[],"resource_labels":null,"resource_manager_tags":null,"secondary_boot_disks":[],"sole_tenant_config":[],"spot":true,"tags":null,"taint":[]}],"node_count":1,"placement_policy":[],"project":"success-team-dev","queued_provisioning":[],"timeouts":null},"sensitive_values":{"autoscaling":[],"instance_group_urls":[],"managed_instance_group_urls":[],"management":[],"network_config":[],"node_config":[{"advanced_machine_features":[],"confidential_nodes":[],"containerd_config":[],"effective_taints":[],"ephemeral_storage_local_ssd_config":[],"fast_socket":[],"gcfs_config":[],"guest_accelerator":[],"gvnic":[],"host_maintenance_policy":[],"kubelet_config":[],"labels":{},"linux_node_config":[],"local_nvme_ssd_block_config":[],"metadata":{},"oauth_scopes":[false],"reservation_affinity":[],"secondary_boot_disks":[],"shielded_instance_config":[],"sole_tenant_config":[],"taint":[],"workload_metadata_config":[]}],"node_locations":[],"placement_policy":[],"queued_provisioning":[],"upgrade_settings":[]}},{"address":"google_container_node_pool.n4d_standard_4","mode":"managed","type":"google_container_node_pool","name":"n4d_standard_4","provider_name":"registry.terraform.io/hashicorp/google","schema_version":1,"values":{"autoscaling":[],"cluster":"pricing-test-cluster","location":"us-central1","name":"n4d-standard-4-pool","node_config":[{"advanced_machine_features":[],"boot_disk_kms_key":null,"containerd_config":[],"disk_size_gb":100,"disk_type":"pd-standard","enable_confidential_storage":null,"ephemeral_storage_local_ssd_config":[],"fast_socket":[],"gvnic":[],"host_maintenance_policy":[],"labels":{"pool_type":"optimal"},"linux_node_config":[],"local_nvme_ssd_block_config":[],"machine_type":"n4d-standard-4","node_group":null,"oauth_scopes":["https://www.googleapis.com/auth/cloud-platform"],"preemptible":false,"reservation_affinity":[],"resource_labels":null,"resource_manager_tags":null,"secondary_boot_disks":[],"sole_tenant_config":[],"spot":false,"tags":null,"taint":[]}],"node_count":1,"placement_policy":[],"project":"success-team-dev","queued_provisioning":[],"timeouts":null},"sensitive_values":{"autoscaling":[],"instance_group_urls":[],"managed_instance_group_urls":[],"management":[],"network_config":[],"node_config":[{"advanced_machine_features":[],"confidential_nodes":[],"containerd_config":[],"effective_taints":[],"ephemeral_storage_local_ssd_config":[],"fast_socket":[],"gcfs_config":[],"guest_accelerator":[],"gvnic":[],"host_maintenance_policy":[],"kubelet_config":[],"labels":{},"linux_node_config":[],"local_nvme_ssd_block_config":[],"metadata":{},"oauth_scopes":[false],"reservation_affinity":[],"secondary_boot_disks":[],"shielded_instance_config":[],"sole_tenant_config":[],"taint":[],"workload_metadata_config":[]}],"node_locations":[],"placement_policy":[],"queued_provisioning":[],"upgrade_settings":[]}},{"address":"google_container_node_pool.t2d_standard_8","mode":"managed","type":"google_container_node_pool","name":"t2d_standard_8","provider_name":"registry.terraform.io/hashicorp/google","schema_version":1,"values":{"autoscaling":[],"cluster":"pricing-test-cluster","location":"us-central1","name":"t2d-standard-8-pool","node_config":[{"advanced_machine_features":[],"boot_disk_kms_key":null,"containerd_config":[],"disk_size_gb":100,"disk_type":"pd-standard","enable_confidential_storage":null,"ephemeral_storage_local_ssd_config":[],"fast_socket":[],"gvnic":[],"host_maintenance_policy":[],"labels":{"pool_type":"optimal"},"linux_node_config":[],"local_nvme_ssd_block_config":[],"machine_type":"t2d-standard-8","node_group":null,"oauth_scopes":["https://www.googleapis.com/auth/cloud-platform"],"preemptible":false,"reservation_affinity":[],"resource_labels":null,"resource_manager_tags":null,"secondary_boot_disks":[],"sole_tenant_config":[],"spot":false,"tags":null,"taint":[]}],"node_count":1,"placement_policy":[],"project":"success-team-dev","queued_provisioning":[],"timeouts":null},"sensitive_values":{"autoscaling":[],"instance_group_urls":[],"managed_instance_group_urls":[],"management":[],"network_config":[],"node_config":[{"advanced_machine_features":[],"confidential_nodes":[],"containerd_config":[],"effective_taints":[],"ephemeral_storage_local_ssd_config":[],"fast_socket":[],"gcfs_config":[],"guest_accelerator":[],"gvnic":[],"host_maintenance_policy":[],"kubelet_config":[],"labels":{},"linux_node_config":[],"local_nvme_ssd_block_config":[],"metadata":{},"oauth_scopes":[false],"reservation_affinity":[],"secondary_boot_disks":[],"shielded_instance_config":[],"sole_tenant_config":[],"taint":[],"workload_metadata_config":[]}],"node_locations":[],"placement_policy":[],"queued_provisioning":[],"upgrade_settings":[]}}]}},"resource_changes":[{"address":"google_container_cluster.pricing_test","mode":"managed","type":"google_container_cluster","name":"pricing_test","provider_name":"registry.terraform.io/hashicorp/google","change":{"actions":["create"],"before":null,"after":{"allow_net_admin":null,"binary_authorization":[],"deletion_protection":false,"description":null,"dns_config":[],"enable_autopilot":null,"enable_cilium_clusterwide_network_policy":false,"enable_k8s_beta_apis":[],"enable_kubernetes_alpha":false,"enable_l4_ilb_subsetting":false,"enable_legacy_abac":false,"enable_multi_networking":false,"enable_shielded_nodes":true,"enable_tpu":null,"fleet":[],"initial_node_count":1,"location":"us-central1","maintenance_policy":[],"min_master_version":null,"name":"pricing-test-cluster","network":"default","network_policy":[],"private_cluster_config":[],"remove_default_node_pool":true,"resource_labels":null,"resource_usage_export_config":[],"subnetwork":"default","timeouts":null},"after_unknown":{"addons_config":true,"authenticator_groups_config":true,"binary_authorization":[],"cluster_autoscaling":true,"cluster_ipv4_cidr":true,"confidential_nodes":true,"cost_management_config":true,"database_encryption":true,"datapath_provider":true,"default_max_pods_per_node":true,"default_snat_status":true,"dns_config":[],"enable_intranode_visibility":true,"enable_k8s_beta_apis":[],"endpoint":true,"fleet":[],"gateway_api_config":true,"id":true,"identity_service_config":true,"ip_allocation_policy":true,"label_fingerprint":true,"logging_config":true,"logging_service":true,"maintenance_policy":[],"master_auth":true,"master_authorized_networks_config":true,"master_version":true,"mesh_certificates":true,"monitoring_config":true,"monitoring_service":true,"network_policy":[],"networking_mode":true,"node_config":true,"node_locations":true,"node_pool":true,"node_pool_auto_config":true,"node_pool_defaults":true,"node_version":true,"notification_config":true,"operation":true,"private_cluster_config":[],"private_ipv6_google_access":true,"project":true,"release_channel":true,"resource_usage_export_config":[],"security_posture_config":true,"self_link":true,"service_external_ips_config":true,"services_ipv4_cidr":true,"tpu_ipv4_cidr_block":true,"vertical_pod_autoscaling":true,"workload_identity_config":true},"before_sensitive":false,"after_sensitive":{"addons_config":[],"authenticator_groups_config":[],"binary_authorization":[],"cluster_autoscaling":[],"confidential_nodes":[],"cost_management_config":[],"database_encryption":[],"default_snat_status":[],"dns_config":[],"enable_k8s_beta_apis":[],"fleet":[],"gateway_api_config":[],"identity_service_config":[],"ip_allocation_policy":[],"logging_config":[],"maintenance_policy":[],"master_auth":[],"master_authorized_networks_config":[],"mesh_certificates":[],"monitoring_config":[],"network_policy":[],"node_config":[],"node_locations":[],"node_pool":[],"node_pool_auto_config":[],"node_pool_defaults":[],"notification_config":[],"private_cluster_config":[],"release_channel":[],"resource_usage_export_config":[],"security_posture_config":[],"service_external_ips_config":[],"vertical_pod_autoscaling":[],"workload_identity_config":[]}}},{"address":"google_container_node_pool.c2d_highcpu_8","mode":"managed","type":"google_container_node_pool","name":"c2d_highcpu_8","provider_name":"registry.terraform.io/hashicorp/google","change":{"actions":["create"],"before":null,"after":{"autoscaling":[],"cluster":"pricing-test-cluster","location":"us-central1","name":"c2d-highcpu-8-pool","node_config":[{"advanced_machine_features":[],"boot_disk_kms_key":null,"containerd_config":[],"disk_size_gb":100,"disk_type":"pd-standard","enable_confidential_storage":null,"ephemeral_storage_local_ssd_config":[],"fast_socket":[],"gvnic":[],"host_maintenance_policy":[],"labels":{"pool_type":"optimal"},"linux_node_config":[],"local_nvme_ssd_block_config":[],"machine_type":"c2d-highcpu-8","node_group":null,"oauth_scopes":["https://www.googleapis.com/auth/cloud-platform"],"preemptible":false,"reservation_affinity":[],"resource_labels":null,"resource_manager_tags":null,"secondary_boot_disks":[],"sole_tenant_config":[],"spot":false,"tags":null,"taint":[]}],"node_count":1,"placement_policy":[],"project":"success-team-dev","queued_provisioning":[],"timeouts":null},"after_unknown":{"autoscaling":[],"id":true,"initial_node_count":true,"instance_group_urls":true,"managed_instance_group_urls":true,"management":true,"max_pods_per_node":true,"name_prefix":true,"network_config":true,"node_config":[{"advanced_machine_features":[],"confidential_nodes":true,"containerd_config":[],"effective_taints":true,"ephemeral_storage_local_ssd_config":[],"fast_socket":[],"gcfs_config":true,"guest_accelerator":true,"gvnic":[],"host_maintenance_policy":[],"image_type":true,"kubelet_config":true,"labels":{},"linux_node_config":[],"local_nvme_ssd_block_config":[],"local_ssd_count":true,"logging_variant":true,"metadata":true,"min_cpu_platform":true,"oauth_scopes":[false],"reservation_affinity":[],"secondary_boot_disks":[],"service_account":true,"shielded_instance_config":true,"sole_tenant_config":[],"taint":[],"workload_metadata_config":true}],"node_locations":true,"operation":true,"placement_policy":[],"queued_provisioning":[],"upgrade_settings":true,"version":true},"before_sensitive":false,"after_sensitive":{"autoscaling":[],"instance_group_urls":[],"managed_instance_group_urls":[],"management":[],"network_config":[],"node_config":[{"advanced_machine_features":[],"confidential_nodes":[],"containerd_config":[],"effective_taints":[],"ephemeral_storage_local_ssd_config":[],"fast_socket":[],"gcfs_config":[],"guest_accelerator":[],"gvnic":[],"host_maintenance_policy":[],"kubelet_config":[],"labels":{},"linux_node_config":[],"local_nvme_ssd_block_config":[],"metadata":{},"oauth_scopes":[false],"reservation_affinity":[],"secondary_boot_disks":[],"shielded_instance_config":[],"sole_tenant_config":[],"taint":[],"workload_metadata_config":[]}],"node_locations":[],"placement_policy":[],"queued_provisioning":[],"upgrade_settings":[]}}},{"address":"google_container_node_pool.c2d_standard_4","mode":"managed","type":"google_container_node_pool","name":"c2d_standard_4","provider_name":"registry.terraform.io/hashicorp/google","change":{"actions":["create"],"before":null,"after":{"autoscaling":[],"cluster":"pricing-test-cluster","location":"us-central1","name":"c2d-standard-4-pool","node_config":[{"advanced_machine_features":[],"boot_disk_kms_key":null,"containerd_config":[],"disk_size_gb":100,"disk_type":"pd-standard","enable_confidential_storage":null,"ephemeral_storage_local_ssd_config":[],"fast_socket":[],"gvnic":[],"host_maintenance_policy":[],"labels":{"pool_type":"optimal"},"linux_node_config":[],"local_nvme_ssd_block_config":[],"machine_type":"c2d-standard-4","node_group":null,"oauth_scopes":["https://www.googleapis.com/auth/cloud-platform"],"preemptible":false,"reservation_affinity":[],"resource_labels":null,"resource_manager_tags":null,"secondary_boot_disks":[],"sole_tenant_config":[],"spot":false,"tags":null,"taint":[]}],"node_count":1,"placement_policy":[],"project":"success-team-dev","queued_provisioning":[],"timeouts":null},"after_unknown":{"autoscaling":[],"id":true,"initial_node_count":true,"instance_group_urls":true,"managed_instance_group_urls":true,"management":true,"max_pods_per_node":true,"name_prefix":true,"network_config":true,"node_config":[{"advanced_machine_features":[],"confidential_nodes":true,"containerd_config":[],"effective_taints":true,"ephemeral_storage_local_ssd_config":[],"fast_socket":[],"gcfs_config":true,"guest_accelerator":true,"gvnic":[],"host_maintenance_policy":[],"image_type":true,"kubelet_config":true,"labels":{},"linux_node_config":[],"local_nvme_ssd_block_config":[],"local_ssd_count":true,"logging_variant":true,"metadata":true,"min_cpu_platform":true,"oauth_scopes":[false],"reservation_affinity":[],"secondary_boot_disks":[],"service_account":true,"shielded_instance_config":true,"sole_tenant_config":[],"taint":[],"workload_metadata_config":true}],"node_locations":true,"operation":true,"placement_policy":[],"queued_provisioning":[],"upgrade_settings":true,"version":true},"before_sensitive":false,"after_sensitive":{"autoscaling":[],"instance_group_urls":[],"managed_instance_group_urls":[],"management":[],"network_config":[],"node_config":[{"advanced_machine_features":[],"confidential_nodes":[],"containerd_config":[],"effective_taints":[],"ephemeral_storage_local_ssd_config":[],"fast_socket":[],"gcfs_config":[],"guest_accelerator":[],"gvnic":[],"host_maintenance_policy":[],"kubelet_config":[],"labels":{},"linux_node_config":[],"local_nvme_ssd_block_config":[],"metadata":{},"oauth_scopes":[false],"reservation_affinity":[],"secondary_boot_disks":[],"shielded_instance_config":[],"sole_tenant_config":[],"taint":[],"workload_metadata_config":[]}],"node_locations":[],"placement_policy":[],"queued_provisioning":[],"upgrade_settings":[]}}},{"address":"google_container_node_pool.c3_standard_4","mode":"managed","type":"google_container_node_pool","name":"c3_standard_4","provider_name":"registry.terraform.io/hashicorp/google","change":{"actions":["create"],"before":null,"after":{"autoscaling":[],"cluster":"pricing-test-cluster","location":"us-central1","name":"c3-standard-4-pool","node_config":[{"advanced_machine_features":[],"boot_disk_kms_key":null,"containerd_config":[],"disk_size_gb":100,"disk_type":"pd-standard","enable_confidential_storage":null,"ephemeral_storage_local_ssd_config":[],"fast_socket":[],"gvnic":[],"host_maintenance_policy":[],"labels":{"pool_type":"optimal"},"linux_node_config":[],"local_nvme_ssd_block_config":[],"machine_type":"c3-standard-4","node_group":null,"oauth_scopes":["https://www.googleapis.com/auth/cloud-platform"],"preemptible":false,"reservation_affinity":[],"resource_labels":null,"resource_manager_tags":null,"secondary_boot_disks":[],"sole_tenant_config":[],"spot":false,"tags":null,"taint":[]}],"node_count":1,"placement_policy":[],"project":"success-team-dev","queued_provisioning":[],"timeouts":null},"after_unknown":{"autoscaling":[],"id":true,"initial_node_count":true,"instance_group_urls":true,"managed_instance_group_urls":true,"management":true,"max_pods_per_node":true,"name_prefix":true,"network_config":true,"node_config":[{"advanced_machine_features":[],"confidential_nodes":true,"containerd_config":[],"effective_taints":true,"ephemeral_storage_local_ssd_config":[],"fast_socket":[],"gcfs_config":true,"guest_accelerator":true,"gvnic":[],"host_maintenance_policy":[],"image_type":true,"kubelet_config":true,"labels":{},"linux_node_config":[],"local_nvme_ssd_block_config":[],"local_ssd_count":true,"logging_variant":true,"metadata":true,"min_cpu_platform":true,"oauth_scopes":[false],"reservation_affinity":[],"secondary_boot_disks":[],"service_account":true,"shielded_instance_config":true,"sole_tenant_config":[],"taint":[],"workload_metadata_config":true}],"node_locations":true,"operation":true,"placement_policy":[],"queued_provisioning":[],"upgrade_settings":true,"version":true},"before_sensitive":false,"after_sensitive":{"autoscaling":[],"instance_group_urls":[],"managed_instance_group_urls":[],"management":[],"network_config":[],"node_config":[{"advanced_machine_features":[],"confidential_nodes":[],"containerd_config":[],"effective_taints":[],"ephemeral_storage_local_ssd_config":[],"fast_socket":[],"gcfs_config":[],"guest_accelerator":[],"gvnic":[],"host_maintenance_policy":[],"kubelet_config":[],"labels":{},"linux_node_config":[],"local_nvme_ssd_block_config":[],"metadata":{},"oauth_scopes":[false],"reservation_affinity":[],"secondary_boot_disks":[],"shielded_instance_config":[],"sole_tenant_config":[],"taint":[],"workload_metadata_config":[]}],"node_locations":[],"placement_policy":[],"queued_provisioning":[],"upgrade_settings":[]}}},{"address":"google_container_node_pool.c3d_standard_90","mode":"managed","type":"google_container_node_pool","name":"c3d_standard_90","provider_name":"registry.terraform.io/hashicorp/google","change":{"actions":["create"],"before":null,"after":{"autoscaling":[],"cluster":"pricing-test-cluster","location":"us-central1","name":"c3d-standard-90-pool","node_config":[{"advanced_machine_features":[],"boot_disk_kms_key":null,"containerd_config":[],"disk_size_gb":100,"disk_type":"pd-standard","enable_confidential_storage":null,"ephemeral_storage_local_ssd_config":[],"fast_socket":[],"gvnic":[],"host_maintenance_policy":[],"labels":{"pool_type":"optimal"},"linux_node_config":[],"local_nvme_ssd_block_config":[],"machine_type":"c3d-standard-90","node_group":null,"oauth_scopes":["https://www.googleapis.com/auth/cloud-platform"],"preemptible":false,"reservation_affinity":[],"resource_labels":null,"resource_manager_tags":null,"secondary_boot_disks":[],"sole_tenant_config":[],"spot":false,"tags":null,"taint":[]}],"node_count":1,"placement_policy":[],"project":"success-team-dev","queued_provisioning":[],"timeouts":null},"after_unknown":{"autoscaling":[],"id":true,"initial_node_count":true,"instance_group_urls":true,"managed_instance_group_urls":true,"management":true,"max_pods_per_node":true,"name_prefix":true,"network_config":true,"node_config":[{"advanced_machine_features":[],"confidential_nodes":true,"containerd_config":[],"effective_taints":true,"ephemeral_storage_local_ssd_config":[],"fast_socket":[],"gcfs_config":true,"guest_accelerator":true,"gvnic":[],"host_maintenance_policy":[],"image_type":true,"kubelet_config":true,"labels":{},"linux_node_config":[],"local_nvme_ssd_block_config":[],"local_ssd_count":true,"logging_variant":true,"metadata":true,"min_cpu_platform":true,"oauth_scopes":[false],"reservation_affinity":[],"secondary_boot_disks":[],"service_account":true,"shielded_instance_config":true,"sole_tenant_config":[],"taint":[],"workload_metadata_config":true}],"node_locations":true,"operation":true,"placement_policy":[],"queued_provisioning":[],"upgrade_settings":true,"version":true},"before_sensitive":false,"after_sensitive":{"autoscaling":[],"instance_group_urls":[],"managed_instance_group_urls":[],"management":[],"network_config":[],"node_config":[{"advanced_machine_features":[],"confidential_nodes":[],"containerd_config":[],"effective_taints":[],"ephemeral_storage_local_ssd_config":[],"fast_socket":[],"gcfs_config":[],"guest_accelerator":[],"gvnic":[],"host_maintenance_policy":[],"kubelet_config":[],"labels":{},"linux_node_config":[],"local_nvme_ssd_block_config":[],"metadata":{},"oauth_scopes":[false],"reservation_affinity":[],"secondary_boot_disks":[],"shielded_instance_config":[],"sole_tenant_config":[],"taint":[],"workload_metadata_config":[]}],"node_locations":[],"placement_policy":[],"queued_provisioning":[],"upgrade_settings":[]}}},{"address":"google_container_node_pool.e2_standard_8","mode":"managed","type":"google_container_node_pool","name":"e2_standard_8","provider_name":"registry.terraform.io/hashicorp/google","change":{"actions":["create"],"before":null,"after":{"autoscaling":[],"cluster":"pricing-test-cluster","location":"us-central1","name":"e2-standard-8-pool","node_config":[{"advanced_machine_features":[],"boot_disk_kms_key":null,"containerd_config":[],"disk_size_gb":100,"disk_type":"pd-standard","enable_confidential_storage":null,"ephemeral_storage_local_ssd_config":[],"fast_socket":[],"gvnic":[],"host_maintenance_policy":[],"labels":{"pool_type":"optimal"},"linux_node_config":[],"local_nvme_ssd_block_config":[],"machine_type":"e2-standard-8","node_group":null,"oauth_scopes":["https://www.googleapis.com/auth/cloud-platform"],"preemptible":false,"reservation_affinity":[],"resource_labels":null,"resource_manager_tags":null,"secondary_boot_disks":[],"sole_tenant_config":[],"spot":false,"tags":null,"taint":[]}],"node_count":1,"placement_policy":[],"project":"success-team-dev","queued_provisioning":[],"timeouts":null},"after_unknown":{"autoscaling":[],"id":true,"initial_node_count":true,"instance_group_urls":true,"managed_instance_group_urls":true,"management":true,"max_pods_per_node":true,"name_prefix":true,"network_config":true,"node_config":[{"advanced_machine_features":[],"confidential_nodes":true,"containerd_config":[],"effective_taints":true,"ephemeral_storage_local_ssd_config":[],"fast_socket":[],"gcfs_config":true,"guest_accelerator":true,"gvnic":[],"host_maintenance_policy":[],"image_type":true,"kubelet_config":true,"labels":{},"linux_node_config":[],"local_nvme_ssd_block_config":[],"local_ssd_count":true,"logging_variant":true,"metadata":true,"min_cpu_platform":true,"oauth_scopes":[false],"reservation_affinity":[],"secondary_boot_disks":[],"service_account":true,"shielded_instance_config":true,"sole_tenant_config":[],"taint":[],"workload_metadata_config":true}],"node_locations":true,"operation":true,"placement_policy":[],"queued_provisioning":[],"upgrade_settings":true,"version":true},"before_sensitive":false,"after_sensitive":{"autoscaling":[],"instance_group_urls":[],"managed_instance_group_urls":[],"management":[],"network_config":[],"node_config":[{"advanced_machine_features":[],"confidential_nodes":[],"containerd_config":[],"effective_taints":[],"ephemeral_storage_local_ssd_config":[],"fast_socket":[],"gcfs_config":[],"guest_accelerator":[],"gvnic":[],"host_maintenance_policy":[],"kubelet_config":[],"labels":{},"linux_node_config":[],"local_nvme_ssd_block_config":[],"metadata":{},"oauth_scopes":[false],"reservation_affinity":[],"secondary_boot_disks":[],"shielded_instance_config":[],"sole_tenant_config":[],"taint":[],"workload_metadata_config":[]}],"node_locations":[],"placement_policy":[],"queued_provisioning":[],"upgrade_settings":[]}}},{"address":"google_container_node_pool.n1_highcpu_16","mode":"managed","type":"google_container_node_pool","name":"n1_highcpu_16","provider_name":"registry.terraform.io/hashicorp/google","change":{"actions":["create"],"before":null,"after":{"autoscaling":[],"cluster":"pricing-test-cluster","location":"us-central1","name":"n1-highcpu-16-pool","node_config":[{"advanced_machine_features":[],"boot_disk_kms_key":null,"containerd_config":[],"disk_size_gb":100,"disk_type":"pd-standard","enable_confidential_storage":null,"ephemeral_storage_local_ssd_config":[],"fast_socket":[],"gvnic":[],"host_maintenance_policy":[],"labels":{"pool_type":"with-commitments-with-limits"},"linux_node_config":[],"local_nvme_ssd_block_config":[],"machine_type":"n1-highcpu-16","node_group":null,"oauth_scopes":["https://www.googleapis.com/auth/cloud-platform"],"preemptible":false,"reservation_affinity":[],"resource_labels":null,"resource_manager_tags":null,"secondary_boot_disks":[],"sole_tenant_config":[],"spot":false,"tags":null,"taint":[]}],"node_count":1,"placement_policy":[],"project":"success-team-dev","queued_provisioning":[],"timeouts":null},"after_unknown":{"autoscaling":[],"id":true,"initial_node_count":true,"instance_group_urls":true,"managed_instance_group_urls":true,"management":true,"max_pods_per_node":true,"name_prefix":true,"network_config":true,"node_config":[{"advanced_machine_features":[],"confidential_nodes":true,"containerd_config":[],"effective_taints":true,"ephemeral_storage_local_ssd_config":[],"fast_socket":[],"gcfs_config":true,"guest_accelerator":true,"gvnic":[],"host_maintenance_policy":[],"image_type":true,"kubelet_config":true,"labels":{},"linux_node_config":[],"local_nvme_ssd_block_config":[],"local_ssd_count":true,"logging_variant":true,"metadata":true,"min_cpu_platform":true,"oauth_scopes":[false],"reservation_affinity":[],"secondary_boot_disks":[],"service_account":true,"shielded_instance_config":true,"sole_tenant_config":[],"taint":[],"workload_metadata_config":true}],"node_locations":true,"operation":true,"placement_policy":[],"queued_provisioning":[],"upgrade_settings":true,"version":true},"before_sensitive":false,"after_sensitive":{"autoscaling":[],"instance_group_urls":[],"managed_instance_group_urls":[],"management":[],"network_config":[],"node_config":[{"advanced_machine_features":[],"confidential_nodes":[],"containerd_config":[],"effective_taints":[],"ephemeral_storage_local_ssd_config":[],"fast_socket":[],"gcfs_config":[],"guest_accelerator":[],"gvnic":[],"host_maintenance_policy":[],"kubelet_config":[],"labels":{},"linux_node_config":[],"local_nvme_ssd_block_config":[],"metadata":{},"oauth_scopes":[false],"reservation_affinity":[],"secondary_boot_disks":[],"shielded_instance_config":[],"sole_tenant_config":[],"taint":[],"workload_metadata_config":[]}],"node_locations":[],"placement_policy":[],"queued_provisioning":[],"upgrade_settings":[]}}},{"address":"google_container_node_pool.n1_highcpu_4","mode":"managed","type":"google_container_node_pool","name":"n1_highcpu_4","provider_name":"registry.terraform.io/hashicorp/google","change":{"actions":["create"],"before":null,"after":{"autoscaling":[],"cluster":"pricing-test-cluster","location":"us-central1","name":"n1-highcpu-4-pool","node_config":[{"advanced_machine_features":[],"boot_disk_kms_key":null,"containerd_config":[],"disk_size_gb":100,"disk_type":"pd-standard","enable_confidential_storage":null,"ephemeral_storage_local_ssd_config":[],"fast_socket":[],"gvnic":[],"host_maintenance_policy":[],"labels":{"pool_type":"with-commitments-with-limits"},"linux_node_config":[],"local_nvme_ssd_block_config":[],"machine_type":"n1-highcpu-4","node_group":null,"oauth_scopes":["https://www.googleapis.com/auth/cloud-platform"],"preemptible":false,"reservation_affinity":[],"resource_labels":null,"resource_manager_tags":null,"secondary_boot_disks":[],"sole_tenant_config":[],"spot":false,"tags":null,"taint":[]}],"node_count":1,"placement_policy":[],"project":"success-team-dev","queued_provisioning":[],"timeouts":null},"after_unknown":{"autoscaling":[],"id":true,"initial_node_count":true,"instance_group_urls":true,"managed_instance_group_urls":true,"management":true,"max_pods_per_node":true,"name_prefix":true,"network_config":true,"node_config":[{"advanced_machine_features":[],"confidential_nodes":true,"containerd_config":[],"effective_taints":true,"ephemeral_storage_local_ssd_config":[],"fast_socket":[],"gcfs_config":true,"guest_accelerator":true,"gvnic":[],"host_maintenance_policy":[],"image_type":true,"kubelet_config":true,"labels":{},"linux_node_config":[],"local_nvme_ssd_block_config":[],"local_ssd_count":true,"logging_variant":true,"metadata":true,"min_cpu_platform":true,"oauth_scopes":[false],"reservation_affinity":[],"secondary_boot_disks":[],"service_account":true,"shielded_instance_config":true,"sole_tenant_config":[],"taint":[],"workload_metadata_config":true}],"node_locations":true,"operation":true,"placement_policy":[],"queued_provisioning":[],"upgrade_settings":true,"version":true},"before_sensitive":false,"after_sensitive":{"autoscaling":[],"instance_group_urls":[],"managed_instance_group_urls":[],"management":[],"network_config":[],"node_config":[{"advanced_machine_features":[],"confidential_nodes":[],"containerd_config":[],"effective_taints":[],"ephemeral_storage_local_ssd_config":[],"fast_socket":[],"gcfs_config":[],"guest_accelerator":[],"gvnic":[],"host_maintenance_policy":[],"kubelet_config":[],"labels":{},"linux_node_config":[],"local_nvme_ssd_block_config":[],"metadata":{},"oauth_scopes":[false],"reservation_affinity":[],"secondary_boot_disks":[],"shielded_instance_config":[],"sole_tenant_config":[],"taint":[],"workload_metadata_config":[]}],"node_locations":[],"placement_policy":[],"queued_provisioning":[],"upgrade_settings":[]}}},{"address":"google_container_node_pool.n1_highmem_16","mode":"managed","type":"google_container_node_pool","name":"n1_highmem_16","provider_name":"registry.terraform.io/hashicorp/google","change":{"actions":["create"],"before":null,"after":{"autoscaling":[],"cluster":"pricing-test-cluster","location":"us-central1","name":"n1-highmem-16-pool","node_config":[{"advanced_machine_features":[],"boot_disk_kms_key":null,"containerd_config":[],"disk_size_gb":100,"disk_type":"pd-standard","enable_confidential_storage":null,"ephemeral_storage_local_ssd_config":[],"fast_socket":[],"gvnic":[],"host_maintenance_policy":[],"labels":{"pool_type":"with-commitments-with-limits"},"linux_node_config":[],"local_nvme_ssd_block_config":[],"machine_type":"n1-highmem-16","node_group":null,"oauth_scopes":["https://www.googleapis.com/auth/cloud-platform"],"preemptible":false,"reservation_affinity":[],"resource_labels":null,"resource_manager_tags":null,"secondary_boot_disks":[],"sole_tenant_config":[],"spot":false,"tags":null,"taint":[]}],"node_count":1,"placement_policy":[],"project":"success-team-dev","queued_provisioning":[],"timeouts":null},"after_unknown":{"autoscaling":[],"id":true,"initial_node_count":true,"instance_group_urls":true,"managed_instance_group_urls":true,"management":true,"max_pods_per_node":true,"name_prefix":true,"network_config":true,"node_config":[{"advanced_machine_features":[],"confidential_nodes":true,"containerd_config":[],"effective_taints":true,"ephemeral_storage_local_ssd_config":[],"fast_socket":[],"gcfs_config":true,"guest_accelerator":true,"gvnic":[],"host_maintenance_policy":[],"image_type":true,"kubelet_config":true,"labels":{},"linux_node_config":[],"local_nvme_ssd_block_config":[],"local_ssd_count":true,"logging_variant":true,"metadata":true,"min_cpu_platform":true,"oauth_scopes":[false],"reservation_affinity":[],"secondary_boot_disks":[],"service_account":true,"shielded_instance_config":true,"sole_tenant_config":[],"taint":[],"workload_metadata_config":true}],"node_locations":true,"operation":true,"placement_policy":[],"queued_provisioning":[],"upgrade_settings":true,"version":true},"before_sensitive":false,"after_sensitive":{"autoscaling":[],"instance_group_urls":[],"managed_instance_group_urls":[],"management":[],"network_config":[],"node_config":[{"advanced_machine_features":[],"confidential_nodes":[],"containerd_config":[],"effective_taints":[],"ephemeral_storage_local_ssd_config":[],"fast_socket":[],"gcfs_config":[],"guest_accelerator":[],"gvnic":[],"host_maintenance_policy":[],"kubelet_config":[],"labels":{},"linux_node_config":[],"local_nvme_ssd_block_config":[],"metadata":{},"oauth_scopes":[false],"reservation_affinity":[],"secondary_boot_disks":[],"shielded_instance_config":[],"sole_tenant_config":[],"taint":[],"workload_metadata_config":[]}],"node_locations":[],"placement_policy":[],"queued_provisioning":[],"upgrade_settings":[]}}},{"address":"google_container_node_pool.n1_standard_4","mode":"managed","type":"google_container_node_pool","name":"n1_standard_4","provider_name":"registry.terraform.io/hashicorp/google","change":{"actions":["create"],"before":null,"after":{"autoscaling":[],"cluster":"pricing-test-cluster","location":"us-central1","name":"n1-standard-4-pool","node_config":[{"advanced_machine_features":[],"boot_disk_kms_key":null,"containerd_config":[],"disk_size_gb":100,"disk_type":"pd-standard","enable_confidential_storage":null,"ephemeral_storage_local_ssd_config":[],"fast_socket":[],"gvnic":[],"host_maintenance_policy":[],"labels":{"pool_type":"with-commitments-with-limits"},"linux_node_config":[],"local_nvme_ssd_block_config":[],"machine_type":"n1-standard-4","node_group":null,"oauth_scopes":["https://www.googleapis.com/auth/cloud-platform"],"preemptible":false,"reservation_affinity":[],"resource_labels":null,"resource_manager_tags":null,"secondary_boot_disks":[],"sole_tenant_config":[],"spot":false,"tags":null,"taint":[]}],"node_count":1,"placement_policy":[],"project":"success-team-dev","queued_provisioning":[],"timeouts":null},"after_unknown":{"autoscaling":[],"id":true,"initial_node_count":true,"instance_group_urls":true,"managed_instance_group_urls":true,"management":true,"max_pods_per_node":true,"name_prefix":true,"network_config":true,"node_config":[{"advanced_machine_features":[],"confidential_nodes":true,"containerd_config":[],"effective_taints":true,"ephemeral_storage_local_ssd_config":[],"fast_socket":[],"gcfs_config":true,"guest_accelerator":true,"gvnic":[],"host_maintenance_policy":[],"image_type":true,"kubelet_config":true,"labels":{},"linux_node_config":[],"local_nvme_ssd_block_config":[],"local_ssd_count":true,"logging_variant":true,"metadata":true,"min_cpu_platform":true,"oauth_scopes":[false],"reservation_affinity":[],"secondary_boot_disks":[],"service_account":true,"shielded_instance_config":true,"sole_tenant_config":[],"taint":[],"workload_metadata_config":true}],"node_locations":true,"operation":true,"placement_policy":[],"queued_provisioning":[],"upgrade_settings":true,"version":true},"before_sensitive":false,"after_sensitive":{"autoscaling":[],"instance_group_urls":[],"managed_instance_group_urls":[],"management":[],"network_config":[],"node_config":[{"advanced_machine_features":[],"confidential_nodes":[],"containerd_config":[],"effective_taints":[],"ephemeral_storage_local_ssd_config":[],"fast_socket":[],"gcfs_config":[],"guest_accelerator":[],"gvnic":[],"host_maintenance_policy":[],"kubelet_config":[],"labels":{},"linux_node_config":[],"local_nvme_ssd_block_config":[],"metadata":{},"oauth_scopes":[false],"reservation_affinity":[],"secondary_boot_disks":[],"shielded_instance_config":[],"sole_tenant_config":[],"taint":[],"workload_metadata_config":[]}],"node_locations":[],"placement_policy":[],"queued_provisioning":[],"upgrade_settings":[]}}},{"address":"google_container_node_pool.n1_standard_8","mode":"managed","type":"google_container_node_pool","name":"n1_standard_8","provider_name":"registry.terraform.io/hashicorp/google","change":{"actions":["create"],"before":null,"after":{"autoscaling":[],"cluster":"pricing-test-cluster","location":"us-central1","name":"n1-standard-8-pool","node_config":[{"advanced_machine_features":[],"boot_disk_kms_key":null,"containerd_config":[],"disk_size_gb":100,"disk_type":"pd-standard","enable_confidential_storage":null,"ephemeral_storage_local_ssd_config":[],"fast_socket":[],"gvnic":[],"host_maintenance_policy":[],"labels":{"pool_type":"with-commitments-with-limits"},"linux_node_config":[],"local_nvme_ssd_block_config":[],"machine_type":"n1-standard-8","node_group":null,"oauth_scopes":["https://www.googleapis.com/auth/cloud-platform"],"preemptible":false,"reservation_affinity":[],"resource_labels":null,"resource_manager_tags":null,"secondary_boot_disks":[],"sole_tenant_config":[],"spot":false,"tags":null,"taint":[]}],"node_count":1,"placement_policy":[],"project":"success-team-dev","queued_provisioning":[],"timeouts":null},"after_unknown":{"autoscaling":[],"id":true,"initial_node_count":true,"instance_group_urls":true,"managed_instance_group_urls":true,"management":true,"max_pods_per_node":true,"name_prefix":true,"network_config":true,"node_config":[{"advanced_machine_features":[],"confidential_nodes":true,"containerd_config":[],"effective_taints":true,"ephemeral_storage_local_ssd_config":[],"fast_socket":[],"gcfs_config":true,"guest_accelerator":true,"gvnic":[],"host_maintenance_policy":[],"image_type":true,"kubelet_config":true,"labels":{},"linux_node_config":[],"local_nvme_ssd_block_config":[],"local_ssd_count":true,"logging_variant":true,"metadata":true,"min_cpu_platform":true,"oauth_scopes":[false],"reservation_affinity":[],"secondary_boot_disks":[],"service_account":true,"shielded_instance_config":true,"sole_tenant_config":[],"taint":[],"workload_metadata_config":true}],"node_locations":true,"operation":true,"placement_policy":[],"queued_provisioning":[],"upgrade_settings":true,"version":true},"before_sensitive":false,"after_sensitive":{"autoscaling":[],"instance_group_urls":[],"managed_instance_group_urls":[],"management":[],"network_config":[],"node_config":[{"advanced_machine_features":[],"confidential_nodes":[],"containerd_config":[],"effective_taints":[],"ephemeral_storage_local_ssd_config":[],"fast_socket":[],"gcfs_config":[],"guest_accelerator":[],"gvnic":[],"host_maintenance_policy":[],"kubelet_config":[],"labels":{},"linux_node_config":[],"local_nvme_ssd_block_config":[],"metadata":{},"oauth_scopes":[false],"reservation_affinity":[],"secondary_boot_disks":[],"shielded_instance_config":[],"sole_tenant_config":[],"taint":[],"workload_metadata_config":[]}],"node_locations":[],"placement_policy":[],"queued_provisioning":[],"upgrade_settings":[]}}},{"address":"google_container_node_pool.n2d_highcpu_16","mode":"managed","type":"google_container_node_pool","name":"n2d_highcpu_16","provider_name":"registry.terraform.io/hashicorp/google","change":{"actions":["create"],"before":null,"after":{"autoscaling":[],"cluster":"pricing-test-cluster","location":"us-central1","name":"n2d-highcpu-16-pool","node_config":[{"advanced_machine_features":[],"boot_disk_kms_key":null,"containerd_config":[],"disk_size_gb":100,"disk_type":"pd-standard","enable_confidential_storage":null,"ephemeral_storage_local_ssd_config":[],"fast_socket":[],"gvnic":[],"host_maintenance_policy":[],"labels":{"pool_type":"optimal"},"linux_node_config":[],"local_nvme_ssd_block_config":[],"machine_type":"n2d-highcpu-16","node_group":null,"oauth_scopes":["https://www.googleapis.com/auth/cloud-platform"],"preemptible":false,"reservation_affinity":[],"resource_labels":null,"resource_manager_tags":null,"secondary_boot_disks":[],"sole_tenant_config":[],"spot":false,"tags":null,"taint":[]}],"node_count":1,"placement_policy":[],"project":"success-team-dev","queued_provisioning":[],"timeouts":null},"after_unknown":{"autoscaling":[],"id":true,"initial_node_count":true,"instance_group_urls":true,"managed_instance_group_urls":true,"management":true,"max_pods_per_node":true,"name_prefix":true,"network_config":true,"node_config":[{"advanced_machine_features":[],"confidential_nodes":true,"containerd_config":[],"effective_taints":true,"ephemeral_storage_local_ssd_config":[],"fast_socket":[],"gcfs_config":true,"guest_accelerator":true,"gvnic":[],"host_maintenance_policy":[],"image_type":true,"kubelet_config":true,"labels":{},"linux_node_config":[],"local_nvme_ssd_block_config":[],"local_ssd_count":true,"logging_variant":true,"metadata":true,"min_cpu_platform":true,"oauth_scopes":[false],"reservation_affinity":[],"secondary_boot_disks":[],"service_account":true,"shielded_instance_config":true,"sole_tenant_config":[],"taint":[],"workload_metadata_config":true}],"node_locations":true,"operation":true,"placement_policy":[],"queued_provisioning":[],"upgrade_settings":true,"version":true},"before_sensitive":false,"after_sensitive":{"autoscaling":[],"instance_group_urls":[],"managed_instance_group_urls":[],"management":[],"network_config":[],"node_config":[{"advanced_machine_features":[],"confidential_nodes":[],"containerd_config":[],"effective_taints":[],"ephemeral_storage_local_ssd_config":[],"fast_socket":[],"gcfs_config":[],"guest_accelerator":[],"gvnic":[],"host_maintenance_policy":[],"kubelet_config":[],"labels":{},"linux_node_config":[],"local_nvme_ssd_block_config":[],"metadata":{},"oauth_scopes":[false],"reservation_affinity":[],"secondary_boot_disks":[],"shielded_instance_config":[],"sole_tenant_config":[],"taint":[],"workload_metadata_config":[]}],"node_locations":[],"placement_policy":[],"queued_provisioning":[],"upgrade_settings":[]}}},{"address":"google_container_node_pool.n2d_highcpu_16_spot","mode":"managed","type":"google_container_node_pool","name":"n2d_highcpu_16_spot","provider_name":"registry.terraform.io/hashicorp/google","change":{"actions":["create"],"before":null,"after":{"autoscaling":[],"cluster":"pricing-test-cluster","location":"us-central1","name":"n2d-highcpu-16-spot-pool","node_config":[{"advanced_machine_features":[],"boot_disk_kms_key":null,"containerd_config":[],"disk_size_gb":100,"disk_type":"pd-standard","enable_confidential_storage":null,"ephemeral_storage_local_ssd_config":[],"fast_socket":[],"gvnic":[],"host_maintenance_policy":[],"labels":{"pool_type":"optimal-spot"},"linux_node_config":[],"local_nvme_ssd_block_config":[],"machine_type":"n2d-highcpu-16","node_group":null,"oauth_scopes":["https://www.googleapis.com/auth/cloud-platform"],"preemptible":false,"reservation_affinity":[],"resource_labels":null,"resource_manager_tags":null,"secondary_boot_disks":[],"sole_tenant_config":[],"spot":true,"tags":null,"taint":[]}],"node_count":1,"placement_policy":[],"project":"success-team-dev","queued_provisioning":[],"timeouts":null},"after_unknown":{"autoscaling":[],"id":true,"initial_node_count":true,"instance_group_urls":true,"managed_instance_group_urls":true,"management":true,"max_pods_per_node":true,"name_prefix":true,"network_config":true,"node_config":[{"advanced_machine_features":[],"confidential_nodes":true,"containerd_config":[],"effective_taints":true,"ephemeral_storage_local_ssd_config":[],"fast_socket":[],"gcfs_config":true,"guest_accelerator":true,"gvnic":[],"host_maintenance_policy":[],"image_type":true,"kubelet_config":true,"labels":{},"linux_node_config":[],"local_nvme_ssd_block_config":[],"local_ssd_count":true,"logging_variant":true,"metadata":true,"min_cpu_platform":true,"oauth_scopes":[false],"reservation_affinity":[],"secondary_boot_disks":[],"service_account":true,"shielded_instance_config":true,"sole_tenant_config":[],"taint":[],"workload_metadata_config":true}],"node_locations":true,"operation":true,"placement_policy":[],"queued_provisioning":[],"upgrade_settings":true,"version":true},"before_sensitive":false,"after_sensitive":{"autoscaling":[],"instance_group_urls":[],"managed_instance_group_urls":[],"management":[],"network_config":[],"node_config":[{"advanced_machine_features":[],"confidential_nodes":[],"containerd_config":[],"effective_taints":[],"ephemeral_storage_local_ssd_config":[],"fast_socket":[],"gcfs_config":[],"guest_accelerator":[],"gvnic":[],"host_maintenance_policy":[],"kubelet_config":[],"labels":{},"linux_node_config":[],"local_nvme_ssd_block_config":[],"metadata":{},"oauth_scopes":[false],"reservation_affinity":[],"secondary_boot_disks":[],"shielded_instance_config":[],"sole_tenant_config":[],"taint":[],"workload_metadata_config":[]}],"node_locations":[],"placement_policy":[],"queued_provisioning":[],"upgrade_settings":[]}}},{"address":"google_container_node_pool.n4_highmem_8","mode":"managed","type":"google_container_node_pool","name":"n4_highmem_8","provider_name":"registry.terraform.io/hashicorp/google","change":{"actions":["create"],"before":null,"after":{"autoscaling":[],"cluster":"pricing-test-cluster","location":"us-central1","name":"n4-highmem-8-pool","node_config":[{"advanced_machine_features":[],"boot_disk_kms_key":null,"containerd_config":[],"disk_size_gb":100,"disk_type":"pd-standard","enable_confidential_storage":null,"ephemeral_storage_local_ssd_config":[],"fast_socket":[],"gvnic":[],"host_maintenance_policy":[],"labels":{"pool_type":"optimal"},"linux_node_config":[],"local_nvme_ssd_block_config":[],"machine_type":"n4-highmem-8","node_group":null,"oauth_scopes":["https://www.googleapis.com/auth/cloud-platform"],"preemptible":false,"reservation_affinity":[],"resource_labels":null,"resource_manager_tags":null,"secondary_boot_disks":[],"sole_tenant_config":[],"spot":false,"tags":null,"taint":[]}],"node_count":1,"placement_policy":[],"project":"success-team-dev","queued_provisioning":[],"timeouts":null},"after_unknown":{"autoscaling":[],"id":true,"initial_node_count":true,"instance_group_urls":true,"managed_instance_group_urls":true,"management":true,"max_pods_per_node":true,"name_prefix":true,"network_config":true,"node_config":[{"advanced_machine_features":[],"confidential_nodes":true,"containerd_config":[],"effective_taints":true,"ephemeral_storage_local_ssd_config":[],"fast_socket":[],"gcfs_config":true,"guest_accelerator":true,"gvnic":[],"host_maintenance_policy":[],"image_type":true,"kubelet_config":true,"labels":{},"linux_node_config":[],"local_nvme_ssd_block_config":[],"local_ssd_count":true,"logging_variant":true,"metadata":true,"min_cpu_platform":true,"oauth_scopes":[false],"reservation_affinity":[],"secondary_boot_disks":[],"service_account":true,"shielded_instance_config":true,"sole_tenant_config":[],"taint":[],"workload_metadata_config":true}],"node_locations":true,"operation":true,"placement_policy":[],"queued_provisioning":[],"upgrade_settings":true,"version":true},"before_sensitive":false,"after_sensitive":{"autoscaling":[],"instance_group_urls":[],"managed_instance_group_urls":[],"management":[],"network_config":[],"node_config":[{"advanced_machine_features":[],"confidential_nodes":[],"containerd_config":[],"effective_taints":[],"ephemeral_storage_local_ssd_config":[],"fast_socket":[],"gcfs_config":[],"guest_accelerator":[],"gvnic":[],"host_maintenance_policy":[],"kubelet_config":[],"labels":{},"linux_node_config":[],"local_nvme_ssd_block_config":[],"metadata":{},"oauth_scopes":[false],"reservation_affinity":[],"secondary_boot_disks":[],"shielded_instance_config":[],"sole_tenant_config":[],"taint":[],"workload_metadata_config":[]}],"node_locations":[],"placement_policy":[],"queued_provisioning":[],"upgrade_settings":[]}}},{"address":"google_container_node_pool.n4_highmem_8_spot","mode":"managed","type":"google_container_node_pool","name":"n4_highmem_8_spot","provider_name":"registry.terraform.io/hashicorp/google","change":{"actions":["create"],"before":null,"after":{"autoscaling":[],"cluster":"pricing-test-cluster","location":"us-central1","name":"n4-highmem-8-spot-pool","node_config":[{"advanced_machine_features":[],"boot_disk_kms_key":null,"containerd_config":[],"disk_size_gb":100,"disk_type":"pd-standard","enable_confidential_storage":null,"ephemeral_storage_local_ssd_config":[],"fast_socket":[],"gvnic":[],"host_maintenance_policy":[],"labels":{"pool_type":"optimal-spot"},"linux_node_config":[],"local_nvme_ssd_block_config":[],"machine_type":"n4-highmem-8","node_group":null,"oauth_scopes":["https://www.googleapis.com/auth/cloud-platform"],"preemptible":false,"reservation_affinity":[],"resource_labels":null,"resource_manager_tags":null,"secondary_boot_disks":[],"sole_tenant_config":[],"spot":true,"tags":null,"taint":[]}],"node_count":1,"placement_policy":[],"project":"success-team-dev","queued_provisioning":[],"timeouts":null},"after_unknown":{"autoscaling":[],"id":true,"initial_node_count":true,"instance_group_urls":true,"managed_instance_group_urls":true,"management":true,"max_pods_per_node":true,"name_prefix":true,"network_config":true,"node_config":[{"advanced_machine_features":[],"confidential_nodes":true,"containerd_config":[],"effective_taints":true,"ephemeral_storage_local_ssd_config":[],"fast_socket":[],"gcfs_config":true,"guest_accelerator":true,"gvnic":[],"host_maintenance_policy":[],"image_type":true,"kubelet_config":true,"labels":{},"linux_node_config":[],"local_nvme_ssd_block_config":[],"local_ssd_count":true,"logging_variant":true,"metadata":true,"min_cpu_platform":true,"oauth_scopes":[false],"reservation_affinity":[],"secondary_boot_disks":[],"service_account":true,"shielded_instance_config":true,"sole_tenant_config":[],"taint":[],"workload_metadata_config":true}],"node_locations":true,"operation":true,"placement_policy":[],"queued_provisioning":[],"upgrade_settings":true,"version":true},"before_sensitive":false,"after_sensitive":{"autoscaling":[],"instance_group_urls":[],"managed_instance_group_urls":[],"management":[],"network_config":[],"node_config":[{"advanced_machine_features":[],"confidential_nodes":[],"containerd_config":[],"effective_taints":[],"ephemeral_storage_local_ssd_config":[],"fast_socket":[],"gcfs_config":[],"guest_accelerator":[],"gvnic":[],"host_maintenance_policy":[],"kubelet_config":[],"labels":{},"linux_node_config":[],"local_nvme_ssd_block_config":[],"metadata":{},"oauth_scopes":[false],"reservation_affinity":[],"secondary_boot_disks":[],"shielded_instance_config":[],"sole_tenant_config":[],"taint":[],"workload_metadata_config":[]}],"node_locations":[],"placement_policy":[],"queued_provisioning":[],"upgrade_settings":[]}}},{"address":"google_container_node_pool.n4d_highcpu_48","mode":"managed","type":"google_container_node_pool","name":"n4d_highcpu_48","provider_name":"registry.terraform.io/hashicorp/google","change":{"actions":["create"],"before":null,"after":{"autoscaling":[],"cluster":"pricing-test-cluster","location":"us-central1","name":"n4d-highcpu-48-pool","node_config":[{"advanced_machine_features":[],"boot_disk_kms_key":null,"containerd_config":[],"disk_size_gb":100,"disk_type":"pd-standard","enable_confidential_storage":null,"ephemeral_storage_local_ssd_config":[],"fast_socket":[],"gvnic":[],"host_maintenance_policy":[],"labels":{"pool_type":"optimal"},"linux_node_config":[],"local_nvme_ssd_block_config":[],"machine_type":"n4d-highcpu-48","node_group":null,"oauth_scopes":["https://www.googleapis.com/auth/cloud-platform"],"preemptible":false,"reservation_affinity":[],"resource_labels":null,"resource_manager_tags":null,"secondary_boot_disks":[],"sole_tenant_config":[],"spot":false,"tags":null,"taint":[]}],"node_count":1,"placement_policy":[],"project":"success-team-dev","queued_provisioning":[],"timeouts":null},"after_unknown":{"autoscaling":[],"id":true,"initial_node_count":true,"instance_group_urls":true,"managed_instance_group_urls":true,"management":true,"max_pods_per_node":true,"name_prefix":true,"network_config":true,"node_config":[{"advanced_machine_features":[],"confidential_nodes":true,"containerd_config":[],"effective_taints":true,"ephemeral_storage_local_ssd_config":[],"fast_socket":[],"gcfs_config":true,"guest_accelerator":true,"gvnic":[],"host_maintenance_policy":[],"image_type":true,"kubelet_config":true,"labels":{},"linux_node_config":[],"local_nvme_ssd_block_config":[],"local_ssd_count":true,"logging_variant":true,"metadata":true,"min_cpu_platform":true,"oauth_scopes":[false],"reservation_affinity":[],"secondary_boot_disks":[],"service_account":true,"shielded_instance_config":true,"sole_tenant_config":[],"taint":[],"workload_metadata_config":true}],"node_locations":true,"operation":true,"placement_policy":[],"queued_provisioning":[],"upgrade_settings":true,"version":true},"before_sensitive":false,"after_sensitive":{"autoscaling":[],"instance_group_urls":[],"managed_instance_group_urls":[],"management":[],"network_config":[],"node_config":[{"advanced_machine_features":[],"confidential_nodes":[],"containerd_config":[],"effective_taints":[],"ephemeral_storage_local_ssd_config":[],"fast_socket":[],"gcfs_config":[],"guest_accelerator":[],"gvnic":[],"host_maintenance_policy":[],"kubelet_config":[],"labels":{},"linux_node_config":[],"local_nvme_ssd_block_config":[],"metadata":{},"oauth_scopes":[false],"reservation_affinity":[],"secondary_boot_disks":[],"shielded_instance_config":[],"sole_tenant_config":[],"taint":[],"workload_metadata_config":[]}],"node_locations":[],"placement_policy":[],"queued_provisioning":[],"upgrade_settings":[]}}},{"address":"google_container_node_pool.n4d_highcpu_48_spot","mode":"managed","type":"google_container_node_pool","name":"n4d_highcpu_48_spot","provider_name":"registry.terraform.io/hashicorp/google","change":{"actions":["create"],"before":null,"after":{"autoscaling":[],"cluster":"pricing-test-cluster","location":"us-central1","name":"n4d-highcpu-48-spot-pool","node_config":[{"advanced_machine_features":[],"boot_disk_kms_key":null,"containerd_config":[],"disk_size_gb":100,"disk_type":"pd-standard","enable_confidential_storage":null,"ephemeral_storage_local_ssd_config":[],"fast_socket":[],"gvnic":[],"host_maintenance_policy":[],"labels":{"pool_type":"optimal-spot"},"linux_node_config":[],"local_nvme_ssd_block_config":[],"machine_type":"n4d-highcpu-48","node_group":null,"oauth_scopes":["https://www.googleapis.com/auth/cloud-platform"],"preemptible":false,"reservation_affinity":[],"resource_labels":null,"resource_manager_tags":null,"secondary_boot_disks":[],"sole_tenant_config":[],"spot":true,"tags":null,"taint":[]}],"node_count":1,"placement_policy":[],"project":"success-team-dev","queued_provisioning":[],"timeouts":null},"after_unknown":{"autoscaling":[],"id":true,"initial_node_count":true,"instance_group_urls":true,"managed_instance_group_urls":true,"management":true,"max_pods_per_node":true,"name_prefix":true,"network_config":true,"node_config":[{"advanced_machine_features":[],"confidential_nodes":true,"containerd_config":[],"effective_taints":true,"ephemeral_storage_local_ssd_config":[],"fast_socket":[],"gcfs_config":true,"guest_accelerator":true,"gvnic":[],"host_maintenance_policy":[],"image_type":true,"kubelet_config":true,"labels":{},"linux_node_config":[],"local_nvme_ssd_block_config":[],"local_ssd_count":true,"logging_variant":true,"metadata":true,"min_cpu_platform":true,"oauth_scopes":[false],"reservation_affinity":[],"secondary_boot_disks":[],"service_account":true,"shielded_instance_config":true,"sole_tenant_config":[],"taint":[],"workload_metadata_config":true}],"node_locations":true,"operation":true,"placement_policy":[],"queued_provisioning":[],"upgrade_settings":true,"version":true},"before_sensitive":false,"after_sensitive":{"autoscaling":[],"instance_group_urls":[],"managed_instance_group_urls":[],"management":[],"network_config":[],"node_config":[{"advanced_machine_features":[],"confidential_nodes":[],"containerd_config":[],"effective_taints":[],"ephemeral_storage_local_ssd_config":[],"fast_socket":[],"gcfs_config":[],"guest_accelerator":[],"gvnic":[],"host_maintenance_policy":[],"kubelet_config":[],"labels":{},"linux_node_config":[],"local_nvme_ssd_block_config":[],"metadata":{},"oauth_scopes":[false],"reservation_affinity":[],"secondary_boot_disks":[],"shielded_instance_config":[],"sole_tenant_config":[],"taint":[],"workload_metadata_config":[]}],"node_locations":[],"placement_policy":[],"queued_provisioning":[],"upgrade_settings":[]}}},{"address":"google_container_node_pool.n4d_standard_4","mode":"managed","type":"google_container_node_pool","name":"n4d_standard_4","provider_name":"registry.terraform.io/hashicorp/google","change":{"actions":["create"],"before":null,"after":{"autoscaling":[],"cluster":"pricing-test-cluster","location":"us-central1","name":"n4d-standard-4-pool","node_config":[{"advanced_machine_features":[],"boot_disk_kms_key":null,"containerd_config":[],"disk_size_gb":100,"disk_type":"pd-standard","enable_confidential_storage":null,"ephemeral_storage_local_ssd_config":[],"fast_socket":[],"gvnic":[],"host_maintenance_policy":[],"labels":{"pool_type":"optimal"},"linux_node_config":[],"local_nvme_ssd_block_config":[],"machine_type":"n4d-standard-4","node_group":null,"oauth_scopes":["https://www.googleapis.com/auth/cloud-platform"],"preemptible":false,"reservation_affinity":[],"resource_labels":null,"resource_manager_tags":null,"secondary_boot_disks":[],"sole_tenant_config":[],"spot":false,"tags":null,"taint":[]}],"node_count":1,"placement_policy":[],"project":"success-team-dev","queued_provisioning":[],"timeouts":null},"after_unknown":{"autoscaling":[],"id":true,"initial_node_count":true,"instance_group_urls":true,"managed_instance_group_urls":true,"management":true,"max_pods_per_node":true,"name_prefix":true,"network_config":true,"node_config":[{"advanced_machine_features":[],"confidential_nodes":true,"containerd_config":[],"effective_taints":true,"ephemeral_storage_local_ssd_config":[],"fast_socket":[],"gcfs_config":true,"guest_accelerator":true,"gvnic":[],"host_maintenance_policy":[],"image_type":true,"kubelet_config":true,"labels":{},"linux_node_config":[],"local_nvme_ssd_block_config":[],"local_ssd_count":true,"logging_variant":true,"metadata":true,"min_cpu_platform":true,"oauth_scopes":[false],"reservation_affinity":[],"secondary_boot_disks":[],"service_account":true,"shielded_instance_config":true,"sole_tenant_config":[],"taint":[],"workload_metadata_config":true}],"node_locations":true,"operation":true,"placement_policy":[],"queued_provisioning":[],"upgrade_settings":true,"version":true},"before_sensitive":false,"after_sensitive":{"autoscaling":[],"instance_group_urls":[],"managed_instance_group_urls":[],"management":[],"network_config":[],"node_config":[{"advanced_machine_features":[],"confidential_nodes":[],"containerd_config":[],"effective_taints":[],"ephemeral_storage_local_ssd_config":[],"fast_socket":[],"gcfs_config":[],"guest_accelerator":[],"gvnic":[],"host_maintenance_policy":[],"kubelet_config":[],"labels":{},"linux_node_config":[],"local_nvme_ssd_block_config":[],"metadata":{},"oauth_scopes":[false],"reservation_affinity":[],"secondary_boot_disks":[],"shielded_instance_config":[],"sole_tenant_config":[],"taint":[],"workload_metadata_config":[]}],"node_locations":[],"placement_policy":[],"queued_provisioning":[],"upgrade_settings":[]}}},{"address":"google_container_node_pool.t2d_standard_8","mode":"managed","type":"google_container_node_pool","name":"t2d_standard_8","provider_name":"registry.terraform.io/hashicorp/google","change":{"actions":["create"],"before":null,"after":{"autoscaling":[],"cluster":"pricing-test-cluster","location":"us-central1","name":"t2d-standard-8-pool","node_config":[{"advanced_machine_features":[],"boot_disk_kms_key":null,"containerd_config":[],"disk_size_gb":100,"disk_type":"pd-standard","enable_confidential_storage":null,"ephemeral_storage_local_ssd_config":[],"fast_socket":[],"gvnic":[],"host_maintenance_policy":[],"labels":{"pool_type":"optimal"},"linux_node_config":[],"local_nvme_ssd_block_config":[],"machine_type":"t2d-standard-8","node_group":null,"oauth_scopes":["https://www.googleapis.com/auth/cloud-platform"],"preemptible":false,"reservation_affinity":[],"resource_labels":null,"resource_manager_tags":null,"secondary_boot_disks":[],"sole_tenant_config":[],"spot":false,"tags":null,"taint":[]}],"node_count":1,"placement_policy":[],"project":"success-team-dev","queued_provisioning":[],"timeouts":null},"after_unknown":{"autoscaling":[],"id":true,"initial_node_count":true,"instance_group_urls":true,"managed_instance_group_urls":true,"management":true,"max_pods_per_node":true,"name_prefix":true,"network_config":true,"node_config":[{"advanced_machine_features":[],"confidential_nodes":true,"containerd_config":[],"effective_taints":true,"ephemeral_storage_local_ssd_config":[],"fast_socket":[],"gcfs_config":true,"guest_accelerator":true,"gvnic":[],"host_maintenance_policy":[],"image_type":true,"kubelet_config":true,"labels":{},"linux_node_config":[],"local_nvme_ssd_block_config":[],"local_ssd_count":true,"logging_variant":true,"metadata":true,"min_cpu_platform":true,"oauth_scopes":[false],"reservation_affinity":[],"secondary_boot_disks":[],"service_account":true,"shielded_instance_config":true,"sole_tenant_config":[],"taint":[],"workload_metadata_config":true}],"node_locations":true,"operation":true,"placement_policy":[],"queued_provisioning":[],"upgrade_settings":true,"version":true},"before_sensitive":false,"after_sensitive":{"autoscaling":[],"instance_group_urls":[],"managed_instance_group_urls":[],"management":[],"network_config":[],"node_config":[{"advanced_machine_features":[],"confidential_nodes":[],"containerd_config":[],"effective_taints":[],"ephemeral_storage_local_ssd_config":[],"fast_socket":[],"gcfs_config":[],"guest_accelerator":[],"gvnic":[],"host_maintenance_policy":[],"kubelet_config":[],"labels":{},"linux_node_config":[],"local_nvme_ssd_block_config":[],"metadata":{},"oauth_scopes":[false],"reservation_affinity":[],"secondary_boot_disks":[],"shielded_instance_config":[],"sole_tenant_config":[],"taint":[],"workload_metadata_config":[]}],"node_locations":[],"placement_policy":[],"queued_provisioning":[],"upgrade_settings":[]}}}],"output_changes":{"cluster_endpoint":{"actions":["create"],"before":null,"after_unknown":true,"before_sensitive":false,"after_sensitive":false},"cluster_name":{"actions":["create"],"before":null,"after":"pricing-test-cluster","after_unknown":false,"before_sensitive":false,"after_sensitive":false},"node_pools":{"actions":["create"],"before":null,"after":{"c3d_standard_90":"c3d-standard-90-pool","n1_highmem_16":"n1-highmem-16-pool","n1_standard_4":"n1-standard-4-pool","n1_standard_8":"n1-standard-8-pool","n2d_highcpu_16":"n2d-highcpu-16-pool","n2d_highcpu_16_spot":"n2d-highcpu-16-spot-pool","n4_highmem_8":"n4-highmem-8-pool","n4_highmem_8_spot":"n4-highmem-8-spot-pool","n4d_highcpu_48":"n4d-highcpu-48-pool","n4d_highcpu_48_spot":"n4d-highcpu-48-spot-pool"},"after_unknown":false,"before_sensitive":false,"after_sensitive":false}},"prior_state":{"format_version":"1.0","terraform_version":"1.14.2","values":{"outputs":{"cluster_name":{"sensitive":false,"value":"pricing-test-cluster","type":"string"},"node_pools":{"sensitive":false,"value":{"c3d_standard_90":"c3d-standard-90-pool","n1_highmem_16":"n1-highmem-16-pool","n1_standard_4":"n1-standard-4-pool","n1_standard_8":"n1-standard-8-pool","n2d_highcpu_16":"n2d-highcpu-16-pool","n2d_highcpu_16_spot":"n2d-highcpu-16-spot-pool","n4_highmem_8":"n4-highmem-8-pool","n4_highmem_8_spot":"n4-highmem-8-spot-pool","n4d_highcpu_48":"n4d-highcpu-48-pool","n4d_highcpu_48_spot":"n4d-highcpu-48-spot-pool"},"type":["object",{"c3d_standard_90":"string","n1_highmem_16":"string","n1_standard_4":"string","n1_standard_8":"string","n2d_highcpu_16":"string","n2d_highcpu_16_spot":"string","n4_highmem_8":"string","n4_highmem_8_spot":"string","n4d_highcpu_48":"string","n4d_highcpu_48_spot":"string"}]}},"root_module":{}}},"configuration":{"provider_config":{"google":{"name":"google","full_name":"registry.terraform.io/hashicorp/google","version_constraint":"~\u003e 5.0","expressions":{"project":{"references":["var.project_id"]},"region":{"references":["var.region"]}}}},"root_module":{"outputs":{"cluster_endpoint":{"expression":{"references":["google_container_cluster.pricing_test.endpoint","google_container_cluster.pricing_test"]}},"cluster_name":{"expression":{"references":["google_container_cluster.pricing_test.name","google_container_cluster.pricing_test"]}},"node_pools":{"expression":{"references":["google_container_node_pool.n1_standard_4.name","google_container_node_pool.n1_standard_4","google_container_node_pool.n1_standard_8.name","google_container_node_pool.n1_standard_8","google_container_node_pool.n1_highmem_16.name","google_container_node_pool.n1_highmem_16","google_container_node_pool.n2d_highcpu_16.name","google_container_node_pool.n2d_highcpu_16","google_container_node_pool.n2d_highcpu_16_spot.name","google_container_node_pool.n2d_highcpu_16_spot","google_container_node_pool.n4d_highcpu_48.name","google_container_node_pool.n4d_highcpu_48","google_container_node_pool.n4d_highcpu_48_spot.name","google_container_node_pool.n4d_highcpu_48_spot","google_container_node_pool.n4_highmem_8.name","google_container_node_pool.n4_highmem_8","google_container_node_pool.n4_highmem_8_spot.name","google_container_node_pool.n4_highmem_8_spot","google_container_node_pool.c3d_standard_90.name","google_container_node_pool.c3d_standard_90"]}}},"resources":[{"address":"google_container_cluster.pricing_test","mode":"managed","type":"google_container_cluster","name":"pricing_test","provider_config_key":"google","expressions":{"deletion_protection":{"constant_value":false},"initial_node_count":{"constant_value":1},"location":{"references":["var.region"]},"name":{"constant_value":"pricing-test-cluster"},"network":{"constant_value":"default"},"remove_default_node_pool":{"constant_value":true},"subnetwork":{"constant_value":"default"}},"schema_version":2},{"address":"google_container_node_pool.c2d_highcpu_8","mode":"managed","type":"google_container_node_pool","name":"c2d_highcpu_8","provider_config_key":"google","expressions":{"cluster":{"references":["google_container_cluster.pricing_test.name","google_container_cluster.pricing_test"]},"location":{"references":["var.region"]},"name":{"constant_value":"c2d-highcpu-8-pool"},"node_config":[{"disk_size_gb":{"constant_value":100},"disk_type":{"constant_value":"pd-standard"},"labels":{"constant_value":{"pool_type":"optimal"}},"machine_type":{"constant_value":"c2d-highcpu-8"},"oauth_scopes":{"constant_value":["https://www.googleapis.com/auth/cloud-platform"]}}],"node_count":{"constant_value":1}},"schema_version":1},{"address":"google_container_node_pool.c2d_standard_4","mode":"managed","type":"google_container_node_pool","name":"c2d_standard_4","provider_config_key":"google","expressions":{"cluster":{"references":["google_container_cluster.pricing_test.name","google_container_cluster.pricing_test"]},"location":{"references":["var.region"]},"name":{"constant_value":"c2d-standard-4-pool"},"node_config":[{"disk_size_gb":{"constant_value":100},"disk_type":{"constant_value":"pd-standard"},"labels":{"constant_value":{"pool_type":"optimal"}},"machine_type":{"constant_value":"c2d-standard-4"},"oauth_scopes":{"constant_value":["https://www.googleapis.com/auth/cloud-platform"]}}],"node_count":{"constant_value":1}},"schema_version":1},{"address":"google_container_node_pool.c3_standard_4","mode":"managed","type":"google_container_node_pool","name":"c3_standard_4","provider_config_key":"google","expressions":{"cluster":{"references":["google_container_cluster.pricing_test.name","google_container_cluster.pricing_test"]},"location":{"references":["var.region"]},"name":{"constant_value":"c3-standard-4-pool"},"node_config":[{"disk_size_gb":{"constant_value":100},"disk_type":{"constant_value":"pd-standard"},"labels":{"constant_value":{"pool_type":"optimal"}},"machine_type":{"constant_value":"c3-standard-4"},"oauth_scopes":{"constant_value":["https://www.googleapis.com/auth/cloud-platform"]}}],"node_count":{"constant_value":1}},"schema_version":1},{"address":"google_container_node_pool.c3d_standard_90","mode":"managed","type":"google_container_node_pool","name":"c3d_standard_90","provider_config_key":"google","expressions":{"cluster":{"references":["google_container_cluster.pricing_test.name","google_container_cluster.pricing_test"]},"location":{"references":["var.region"]},"name":{"constant_value":"c3d-standard-90-pool"},"node_config":[{"disk_size_gb":{"constant_value":100},"disk_type":{"constant_value":"pd-standard"},"labels":{"constant_value":{"pool_type":"optimal"}},"machine_type":{"constant_value":"c3d-standard-90"},"oauth_scopes":{"constant_value":["https://www.googleapis.com/auth/cloud-platform"]}}],"node_count":{"constant_value":1}},"schema_version":1},{"address":"google_container_node_pool.e2_standard_8","mode":"managed","type":"google_container_node_pool","name":"e2_standard_8","provider_config_key":"google","expressions":{"cluster":{"references":["google_container_cluster.pricing_test.name","google_container_cluster.pricing_test"]},"location":{"references":["var.region"]},"name":{"constant_value":"e2-standard-8-pool"},"node_config":[{"disk_size_gb":{"constant_value":100},"disk_type":{"constant_value":"pd-standard"},"labels":{"constant_value":{"pool_type":"optimal"}},"machine_type":{"constant_value":"e2-standard-8"},"oauth_scopes":{"constant_value":["https://www.googleapis.com/auth/cloud-platform"]}}],"node_count":{"constant_value":1}},"schema_version":1},{"address":"google_container_node_pool.n1_highcpu_16","mode":"managed","type":"google_container_node_pool","name":"n1_highcpu_16","provider_config_key":"google","expressions":{"cluster":{"references":["google_container_cluster.pricing_test.name","google_container_cluster.pricing_test"]},"location":{"references":["var.region"]},"name":{"constant_value":"n1-highcpu-16-pool"},"node_config":[{"disk_size_gb":{"constant_value":100},"disk_type":{"constant_value":"pd-standard"},"labels":{"constant_value":{"pool_type":"with-commitments-with-limits"}},"machine_type":{"constant_value":"n1-highcpu-16"},"oauth_scopes":{"constant_value":["https://www.googleapis.com/auth/cloud-platform"]}}],"node_count":{"constant_value":1}},"schema_version":1},{"address":"google_container_node_pool.n1_highcpu_4","mode":"managed","type":"google_container_node_pool","name":"n1_highcpu_4","provider_config_key":"google","expressions":{"cluster":{"references":["google_container_cluster.pricing_test.name","google_container_cluster.pricing_test"]},"location":{"references":["var.region"]},"name":{"constant_value":"n1-highcpu-4-pool"},"node_config":[{"disk_size_gb":{"constant_value":100},"disk_type":{"constant_value":"pd-standard"},"labels":{"constant_value":{"pool_type":"with-commitments-with-limits"}},"machine_type":{"constant_value":"n1-highcpu-4"},"oauth_scopes":{"constant_value":["https://www.googleapis.com/auth/cloud-platform"]}}],"node_count":{"constant_value":1}},"schema_version":1},{"address":"google_container_node_pool.n1_highmem_16","mode":"managed","type":"google_container_node_pool","name":"n1_highmem_16","provider_config_key":"google","expressions":{"cluster":{"references":["google_container_cluster.pricing_test.name","google_container_cluster.pricing_test"]},"location":{"references":["var.region"]},"name":{"constant_value":"n1-highmem-16-pool"},"node_config":[{"disk_size_gb":{"constant_value":100},"disk_type":{"constant_value":"pd-standard"},"labels":{"constant_value":{"pool_type":"with-commitments-with-limits"}},"machine_type":{"constant_value":"n1-highmem-16"},"oauth_scopes":{"constant_value":["https://www.googleapis.com/auth/cloud-platform"]}}],"node_count":{"constant_value":1}},"schema_version":1},{"address":"google_container_node_pool.n1_standard_4","mode":"managed","type":"google_container_node_pool","name":"n1_standard_4","provider_config_key":"google","expressions":{"cluster":{"references":["google_container_cluster.pricing_test.name","google_container_cluster.pricing_test"]},"location":{"references":["var.region"]},"name":{"constant_value":"n1-standard-4-pool"},"node_config":[{"disk_size_gb":{"constant_value":100},"disk_type":{"constant_value":"pd-standard"},"labels":{"constant_value":{"pool_type":"with-commitments-with-limits"}},"machine_type":{"constant_value":"n1-standard-4"},"oauth_scopes":{"constant_value":["https://www.googleapis.com/auth/cloud-platform"]}}],"node_count":{"constant_value":1}},"schema_version":1},{"address":"google_container_node_pool.n1_standard_8","mode":"managed","type":"google_container_node_pool","name":"n1_standard_8","provider_config_key":"google","expressions":{"cluster":{"references":["google_container_cluster.pricing_test.name","google_container_cluster.pricing_test"]},"location":{"references":["var.region"]},"name":{"constant_value":"n1-standard-8-pool"},"node_config":[{"disk_size_gb":{"constant_value":100},"disk_type":{"constant_value":"pd-standard"},"labels":{"constant_value":{"pool_type":"with-commitments-with-limits"}},"machine_type":{"constant_value":"n1-standard-8"},"oauth_scopes":{"constant_value":["https://www.googleapis.com/auth/cloud-platform"]}}],"node_count":{"constant_value":1}},"schema_version":1},{"address":"google_container_node_pool.n2d_highcpu_16","mode":"managed","type":"google_container_node_pool","name":"n2d_highcpu_16","provider_config_key":"google","expressions":{"cluster":{"references":["google_container_cluster.pricing_test.name","google_container_cluster.pricing_test"]},"location":{"references":["var.region"]},"name":{"constant_value":"n2d-highcpu-16-pool"},"node_config":[{"disk_size_gb":{"constant_value":100},"disk_type":{"constant_value":"pd-standard"},"labels":{"constant_value":{"pool_type":"optimal"}},"machine_type":{"constant_value":"n2d-highcpu-16"},"oauth_scopes":{"constant_value":["https://www.googleapis.com/auth/cloud-platform"]}}],"node_count":{"constant_value":1}},"schema_version":1},{"address":"google_container_node_pool.n2d_highcpu_16_spot","mode":"managed","type":"google_container_node_pool","name":"n2d_highcpu_16_spot","provider_config_key":"google","expressions":{"cluster":{"references":["google_container_cluster.pricing_test.name","google_container_cluster.pricing_test"]},"location":{"references":["var.region"]},"name":{"constant_value":"n2d-highcpu-16-spot-pool"},"node_config":[{"disk_size_gb":{"constant_value":100},"disk_type":{"constant_value":"pd-standard"},"labels":{"constant_value":{"pool_type":"optimal-spot"}},"machine_type":{"constant_value":"n2d-highcpu-16"},"oauth_scopes":{"constant_value":["https://www.googleapis.com/auth/cloud-platform"]},"spot":{"constant_value":true}}],"node_count":{"constant_value":1}},"schema_version":1},{"address":"google_container_node_pool.n4_highmem_8","mode":"managed","type":"google_container_node_pool","name":"n4_highmem_8","provider_config_key":"google","expressions":{"cluster":{"references":["google_container_cluster.pricing_test.name","google_container_cluster.pricing_test"]},"location":{"references":["var.region"]},"name":{"constant_value":"n4-highmem-8-pool"},"node_config":[{"disk_size_gb":{"constant_value":100},"disk_type":{"constant_value":"pd-standard"},"labels":{"constant_value":{"pool_type":"optimal"}},"machine_type":{"constant_value":"n4-highmem-8"},"oauth_scopes":{"constant_value":["https://www.googleapis.com/auth/cloud-platform"]}}],"node_count":{"constant_value":1}},"schema_version":1},{"address":"google_container_node_pool.n4_highmem_8_spot","mode":"managed","type":"google_container_node_pool","name":"n4_highmem_8_spot","provider_config_key":"google","expressions":{"cluster":{"references":["google_container_cluster.pricing_test.name","google_container_cluster.pricing_test"]},"location":{"references":["var.region"]},"name":{"constant_value":"n4-highmem-8-spot-pool"},"node_config":[{"disk_size_gb":{"constant_value":100},"disk_type":{"constant_value":"pd-standard"},"labels":{"constant_value":{"pool_type":"optimal-spot"}},"machine_type":{"constant_value":"n4-highmem-8"},"oauth_scopes":{"constant_value":["https://www.googleapis.com/auth/cloud-platform"]},"spot":{"constant_value":true}}],"node_count":{"constant_value":1}},"schema_version":1},{"address":"google_container_node_pool.n4d_highcpu_48","mode":"managed","type":"google_container_node_pool","name":"n4d_highcpu_48","provider_config_key":"google","expressions":{"cluster":{"references":["google_container_cluster.pricing_test.name","google_container_cluster.pricing_test"]},"location":{"references":["var.region"]},"name":{"constant_value":"n4d-highcpu-48-pool"},"node_config":[{"disk_size_gb":{"constant_value":100},"disk_type":{"constant_value":"pd-standard"},"labels":{"constant_value":{"pool_type":"optimal"}},"machine_type":{"constant_value":"n4d-highcpu-48"},"oauth_scopes":{"constant_value":["https://www.googleapis.com/auth/cloud-platform"]}}],"node_count":{"constant_value":1}},"schema_version":1},{"address":"google_container_node_pool.n4d_highcpu_48_spot","mode":"managed","type":"google_container_node_pool","name":"n4d_highcpu_48_spot","provider_config_key":"google","expressions":{"cluster":{"references":["google_container_cluster.pricing_test.name","google_container_cluster.pricing_test"]},"location":{"references":["var.region"]},"name":{"constant_value":"n4d-highcpu-48-spot-pool"},"node_config":[{"disk_size_gb":{"constant_value":100},"disk_type":{"constant_value":"pd-standard"},"labels":{"constant_value":{"pool_type":"optimal-spot"}},"machine_type":{"constant_value":"n4d-highcpu-48"},"oauth_scopes":{"constant_value":["https://www.googleapis.com/auth/cloud-platform"]},"spot":{"constant_value":true}}],"node_count":{"constant_value":1}},"schema_version":1},{"address":"google_container_node_pool.n4d_standard_4","mode":"managed","type":"google_container_node_pool","name":"n4d_standard_4","provider_config_key":"google","expressions":{"cluster":{"references":["google_container_cluster.pricing_test.name","google_container_cluster.pricing_test"]},"location":{"references":["var.region"]},"name":{"constant_value":"n4d-standard-4-pool"},"node_config":[{"disk_size_gb":{"constant_value":100},"disk_type":{"constant_value":"pd-standard"},"labels":{"constant_value":{"pool_type":"optimal"}},"machine_type":{"constant_value":"n4d-standard-4"},"oauth_scopes":{"constant_value":["https://www.googleapis.com/auth/cloud-platform"]}}],"node_count":{"constant_value":1}},"schema_version":1},{"address":"google_container_node_pool.t2d_standard_8","mode":"managed","type":"google_container_node_pool","name":"t2d_standard_8","provider_config_key":"google","expressions":{"cluster":{"references":["google_container_cluster.pricing_test.name","google_container_cluster.pricing_test"]},"location":{"references":["var.region"]},"name":{"constant_value":"t2d-standard-8-pool"},"node_config":[{"disk_size_gb":{"constant_value":100},"disk_type":{"constant_value":"pd-standard"},"labels":{"constant_value":{"pool_type":"optimal"}},"machine_type":{"constant_value":"t2d-standard-8"},"oauth_scopes":{"constant_value":["https://www.googleapis.com/auth/cloud-platform"]}}],"node_count":{"constant_value":1}},"schema_version":1}],"variables":{"project_id":{"description":"GCP Project ID"},"region":{"default":"us-central1","description":"GCP Region"}}}},"relevant_attributes":[{"resource":"google_container_cluster.pricing_test","attribute":["endpoint"]},{"resource":"google_container_cluster.pricing_test","attribute":["name"]},{"resource":"google_container_node_pool.n1_highmem_16","attribute":["name"]},{"resource":"google_container_node_pool.n1_standard_4","attribute":["name"]},{"resource":"google_container_node_pool.n2d_highcpu_16_spot","attribute":["name"]},{"resource":"google_container_node_pool.n4_highmem_8","attribute":["name"]},{"resource":"google_container_node_pool.n4d_highcpu_48_spot","attribute":["name"]},{"resource":"google_container_node_pool.n1_standard_8","attribute":["name"]},{"resource":"google_container_node_pool.n4_highmem_8_spot","attribute":["name"]},{"resource":"google_container_node_pool.n2d_highcpu_16","attribute":["name"]},{"resource":"google_container_node_pool.c3d_standard_90","attribute":["name"]},{"resource":"google_container_node_pool.n4d_highcpu_48","attribute":["name"]}],"timestamp":"2025-12-17T20:26:10Z","applyable":true,"complete":true,"errored":false}
